// !$*UTF8*$!
{
	archiveVersion = 1;
	classes = {
	};
	objectVersion = 46;
	objects = {

/* Begin PBXBuildFile section */
		1AC6FB1F180E996B004C840B /* libbox2d Mac.a in Frameworks */ = {isa = PBXBuildFile; fileRef = 1AC6FAFF180E9839004C840B /* libbox2d Mac.a */; };
		1AC6FB20180E996B004C840B /* libchipmunk Mac.a in Frameworks */ = {isa = PBXBuildFile; fileRef = 1AC6FAFD180E9839004C840B /* libchipmunk Mac.a */; };
		1AC6FB21180E996B004C840B /* libcocos2dx Mac.a in Frameworks */ = {isa = PBXBuildFile; fileRef = 1AC6FAF9180E9839004C840B /* libcocos2dx Mac.a */; };
		1AC6FB22180E996B004C840B /* libcocos2dx-extensions Mac.a in Frameworks */ = {isa = PBXBuildFile; fileRef = 1AC6FAFB180E9839004C840B /* libcocos2dx-extensions Mac.a */; };
		1AC6FB23180E996B004C840B /* libCocosDenshion Mac.a in Frameworks */ = {isa = PBXBuildFile; fileRef = 1AC6FB01180E9839004C840B /* libCocosDenshion Mac.a */; };
		1AC6FB30180E99EB004C840B /* libcocos2dx iOS.a in Frameworks */ = {isa = PBXBuildFile; fileRef = 1AC6FB07180E9839004C840B /* libcocos2dx iOS.a */; };
		1AC6FB31180E99EB004C840B /* libcocos2dx-extensions iOS.a in Frameworks */ = {isa = PBXBuildFile; fileRef = 1AC6FB09180E9839004C840B /* libcocos2dx-extensions iOS.a */; };
		1AC6FB32180E99EB004C840B /* libCocosDenshion iOS.a in Frameworks */ = {isa = PBXBuildFile; fileRef = 1AC6FB0F180E9839004C840B /* libCocosDenshion iOS.a */; };
		1AFAF8B716D35DE700DB1158 /* AppDelegate.cpp in Sources */ = {isa = PBXBuildFile; fileRef = 1AFAF8B316D35DE700DB1158 /* AppDelegate.cpp */; };
		1DF5F4E00D08C38300B7A737 /* UIKit.framework in Frameworks */ = {isa = PBXBuildFile; fileRef = 1DF5F4DF0D08C38300B7A737 /* UIKit.framework */; };
		288765A50DF7441C002DB57D /* CoreGraphics.framework in Frameworks */ = {isa = PBXBuildFile; fileRef = 288765A40DF7441C002DB57D /* CoreGraphics.framework */; };
		503AE0F817EB97AB00D1A890 /* Icon.icns in Resources */ = {isa = PBXBuildFile; fileRef = 503AE0F617EB97AB00D1A890 /* Icon.icns */; };
		503AE10017EB989F00D1A890 /* AppController.mm in Sources */ = {isa = PBXBuildFile; fileRef = 503AE0FB17EB989F00D1A890 /* AppController.mm */; };
		503AE10117EB989F00D1A890 /* main.m in Sources */ = {isa = PBXBuildFile; fileRef = 503AE0FC17EB989F00D1A890 /* main.m */; };
		503AE10217EB989F00D1A890 /* RootViewController.mm in Sources */ = {isa = PBXBuildFile; fileRef = 503AE0FF17EB989F00D1A890 /* RootViewController.mm */; };
		503AE10517EB98FF00D1A890 /* main.cpp in Sources */ = {isa = PBXBuildFile; fileRef = 503AE10317EB98FF00D1A890 /* main.cpp */; };
		503AE11217EB99EE00D1A890 /* libcurl.dylib in Frameworks */ = {isa = PBXBuildFile; fileRef = 503AE11117EB99EE00D1A890 /* libcurl.dylib */; };
		503AE11B17EB9C5A00D1A890 /* IOKit.framework in Frameworks */ = {isa = PBXBuildFile; fileRef = 503AE11A17EB9C5A00D1A890 /* IOKit.framework */; };
		5087E75717EB910900C73F5D /* AppDelegate.cpp in Sources */ = {isa = PBXBuildFile; fileRef = 1AFAF8B316D35DE700DB1158 /* AppDelegate.cpp */; };
		5087E76317EB910900C73F5D /* Foundation.framework in Frameworks */ = {isa = PBXBuildFile; fileRef = 1D30AB110D05D00D00671497 /* Foundation.framework */; };
		5087E76517EB910900C73F5D /* CoreGraphics.framework in Frameworks */ = {isa = PBXBuildFile; fileRef = 288765A40DF7441C002DB57D /* CoreGraphics.framework */; };
		5087E76717EB910900C73F5D /* libz.dylib in Frameworks */ = {isa = PBXBuildFile; fileRef = BF170DB412928DE900B8313A /* libz.dylib */; };
		5087E76817EB910900C73F5D /* QuartzCore.framework in Frameworks */ = {isa = PBXBuildFile; fileRef = BF1C47EA1293683800B63C5D /* QuartzCore.framework */; };
		5087E76917EB910900C73F5D /* OpenAL.framework in Frameworks */ = {isa = PBXBuildFile; fileRef = D44C620B132DFF330009C878 /* OpenAL.framework */; };
		5087E76A17EB910900C73F5D /* AVFoundation.framework in Frameworks */ = {isa = PBXBuildFile; fileRef = D44C620D132DFF430009C878 /* AVFoundation.framework */; };
		5087E76B17EB910900C73F5D /* AudioToolbox.framework in Frameworks */ = {isa = PBXBuildFile; fileRef = D44C620F132DFF4E0009C878 /* AudioToolbox.framework */; };
		5087E77D17EB970100C73F5D /* Default-568h@2x.png in Resources */ = {isa = PBXBuildFile; fileRef = 5087E77217EB970100C73F5D /* Default-568h@2x.png */; };
		5087E77E17EB970100C73F5D /* Default.png in Resources */ = {isa = PBXBuildFile; fileRef = 5087E77317EB970100C73F5D /* Default.png */; };
		5087E77F17EB970100C73F5D /* Default@2x.png in Resources */ = {isa = PBXBuildFile; fileRef = 5087E77417EB970100C73F5D /* Default@2x.png */; };
		5087E78017EB970100C73F5D /* Icon-114.png in Resources */ = {isa = PBXBuildFile; fileRef = 5087E77517EB970100C73F5D /* Icon-114.png */; };
		5087E78117EB970100C73F5D /* Icon-120.png in Resources */ = {isa = PBXBuildFile; fileRef = 5087E77617EB970100C73F5D /* Icon-120.png */; };
		5087E78217EB970100C73F5D /* Icon-144.png in Resources */ = {isa = PBXBuildFile; fileRef = 5087E77717EB970100C73F5D /* Icon-144.png */; };
		5087E78317EB970100C73F5D /* Icon-152.png in Resources */ = {isa = PBXBuildFile; fileRef = 5087E77817EB970100C73F5D /* Icon-152.png */; };
		5087E78417EB970100C73F5D /* Icon-57.png in Resources */ = {isa = PBXBuildFile; fileRef = 5087E77917EB970100C73F5D /* Icon-57.png */; };
		5087E78517EB970100C73F5D /* Icon-72.png in Resources */ = {isa = PBXBuildFile; fileRef = 5087E77A17EB970100C73F5D /* Icon-72.png */; };
		5087E78617EB970100C73F5D /* Icon-76.png in Resources */ = {isa = PBXBuildFile; fileRef = 5087E77B17EB970100C73F5D /* Icon-76.png */; };
		5087E78917EB974C00C73F5D /* AppKit.framework in Frameworks */ = {isa = PBXBuildFile; fileRef = 5087E78817EB974C00C73F5D /* AppKit.framework */; };
		5087E78B17EB975400C73F5D /* OpenGL.framework in Frameworks */ = {isa = PBXBuildFile; fileRef = 5087E78A17EB975400C73F5D /* OpenGL.framework */; };
		50EF629617ECD46A001EB2F8 /* Icon-40.png in Resources */ = {isa = PBXBuildFile; fileRef = 50EF629217ECD46A001EB2F8 /* Icon-40.png */; };
		50EF629717ECD46A001EB2F8 /* Icon-58.png in Resources */ = {isa = PBXBuildFile; fileRef = 50EF629317ECD46A001EB2F8 /* Icon-58.png */; };
		50EF629817ECD46A001EB2F8 /* Icon-80.png in Resources */ = {isa = PBXBuildFile; fileRef = 50EF629417ECD46A001EB2F8 /* Icon-80.png */; };
		50EF629917ECD46A001EB2F8 /* Icon-100.png in Resources */ = {isa = PBXBuildFile; fileRef = 50EF629517ECD46A001EB2F8 /* Icon-100.png */; };
		50EF62A217ECD613001EB2F8 /* Icon-29.png in Resources */ = {isa = PBXBuildFile; fileRef = 50EF62A017ECD613001EB2F8 /* Icon-29.png */; };
		50EF62A317ECD613001EB2F8 /* Icon-50.png in Resources */ = {isa = PBXBuildFile; fileRef = 50EF62A117ECD613001EB2F8 /* Icon-50.png */; };
		BF171245129291EC00B8313A /* OpenGLES.framework in Frameworks */ = {isa = PBXBuildFile; fileRef = BF170DB012928DE900B8313A /* OpenGLES.framework */; };
		BF1712471292920000B8313A /* libz.dylib in Frameworks */ = {isa = PBXBuildFile; fileRef = BF170DB412928DE900B8313A /* libz.dylib */; };
		D44C620C132DFF330009C878 /* OpenAL.framework in Frameworks */ = {isa = PBXBuildFile; fileRef = D44C620B132DFF330009C878 /* OpenAL.framework */; };
		D44C6210132DFF4E0009C878 /* AudioToolbox.framework in Frameworks */ = {isa = PBXBuildFile; fileRef = D44C620F132DFF4E0009C878 /* AudioToolbox.framework */; };
		D6B0611B1803AB670077942B /* CoreMotion.framework in Frameworks */ = {isa = PBXBuildFile; fileRef = D6B0611A1803AB670077942B /* CoreMotion.framework */; };
		EA62CF5C199C6B85002819D9 /* ExitPanel.cpp in Sources */ = {isa = PBXBuildFile; fileRef = EA62CF5A199C6B85002819D9 /* ExitPanel.cpp */; };
		EA99B8421A4FCA2F00BA8C76 /* Images.xcassets in Resources */ = {isa = PBXBuildFile; fileRef = EA99B8411A4FCA2F00BA8C76 /* Images.xcassets */; };
		EAB4C181199CC38100974A29 /* sound_off.png in Resources */ = {isa = PBXBuildFile; fileRef = EAB4C17F199CC38100974A29 /* sound_off.png */; };
		EAB4C182199CC38100974A29 /* sound_on.png in Resources */ = {isa = PBXBuildFile; fileRef = EAB4C180199CC38100974A29 /* sound_on.png */; };
		EAE2A8B61A43CD0300B6F5B0 /* AVFoundation.framework in Frameworks */ = {isa = PBXBuildFile; fileRef = EAE2A8B51A43CD0300B6F5B0 /* AVFoundation.framework */; };
		EAE2A8BB1A43CDB200B6F5B0 /* QuartzCore.framework in Frameworks */ = {isa = PBXBuildFile; fileRef = EAE2A8BA1A43CDB200B6F5B0 /* QuartzCore.framework */; };
		EAFE9F5B199B3D1700D1AE52 /* Button.cpp in Sources */ = {isa = PBXBuildFile; fileRef = EAFE9F41199B3D1700D1AE52 /* Button.cpp */; };
		EAFE9F5C199B3D1700D1AE52 /* Chess.cpp in Sources */ = {isa = PBXBuildFile; fileRef = EAFE9F43199B3D1700D1AE52 /* Chess.cpp */; };
		EAFE9F5D199B3D1700D1AE52 /* Chessboard.cpp in Sources */ = {isa = PBXBuildFile; fileRef = EAFE9F45199B3D1700D1AE52 /* Chessboard.cpp */; };
		EAFE9F5E199B3D1700D1AE52 /* CTouchEngine.cpp in Sources */ = {isa = PBXBuildFile; fileRef = EAFE9F47199B3D1700D1AE52 /* CTouchEngine.cpp */; };
		EAFE9F5F199B3D1700D1AE52 /* DefeatPanel.cpp in Sources */ = {isa = PBXBuildFile; fileRef = EAFE9F49199B3D1700D1AE52 /* DefeatPanel.cpp */; };
		EAFE9F60199B3D1700D1AE52 /* GamePanel.cpp in Sources */ = {isa = PBXBuildFile; fileRef = EAFE9F4B199B3D1700D1AE52 /* GamePanel.cpp */; };
		EAFE9F61199B3D1700D1AE52 /* Header.cpp in Sources */ = {isa = PBXBuildFile; fileRef = EAFE9F4D199B3D1700D1AE52 /* Header.cpp */; };
		EAFE9F62199B3D1700D1AE52 /* HelpPanel.cpp in Sources */ = {isa = PBXBuildFile; fileRef = EAFE9F4F199B3D1700D1AE52 /* HelpPanel.cpp */; };
		EAFE9F63199B3D1700D1AE52 /* Panel.cpp in Sources */ = {isa = PBXBuildFile; fileRef = EAFE9F53199B3D1700D1AE52 /* Panel.cpp */; };
		EAFE9F65199B3D1700D1AE52 /* Smart09.cpp in Sources */ = {isa = PBXBuildFile; fileRef = EAFE9F57199B3D1700D1AE52 /* Smart09.cpp */; };
		EAFE9F66199B3D1700D1AE52 /* StartPanel.cpp in Sources */ = {isa = PBXBuildFile; fileRef = EAFE9F59199B3D1700D1AE52 /* StartPanel.cpp */; };
		EAFE9FB7199B3D6300D1AE52 /* MultiSys.cpp in Sources */ = {isa = PBXBuildFile; fileRef = EAFE9F90199B3D6300D1AE52 /* MultiSys.cpp */; };
		EAFE9FBA199B3D6300D1AE52 /* tinystr.cpp in Sources */ = {isa = PBXBuildFile; fileRef = EAFE9F98199B3D6300D1AE52 /* tinystr.cpp */; };
		EAFE9FBB199B3D6300D1AE52 /* tinyxml.cpp in Sources */ = {isa = PBXBuildFile; fileRef = EAFE9F9A199B3D6300D1AE52 /* tinyxml.cpp */; };
		EAFE9FBC199B3D6300D1AE52 /* tinyxmlerror.cpp in Sources */ = {isa = PBXBuildFile; fileRef = EAFE9F9C199B3D6300D1AE52 /* tinyxmlerror.cpp */; };
		EAFE9FBD199B3D6300D1AE52 /* tinyxmlparser.cpp in Sources */ = {isa = PBXBuildFile; fileRef = EAFE9F9D199B3D6300D1AE52 /* tinyxmlparser.cpp */; };
		EAFE9FE7199B3DD400D1AE52 /* Abduction.ttf in Resources */ = {isa = PBXBuildFile; fileRef = EAFE9FC1199B3DD400D1AE52 /* Abduction.ttf */; };
		EAFE9FE8199B3DD400D1AE52 /* background_blue.png in Resources */ = {isa = PBXBuildFile; fileRef = EAFE9FC2199B3DD400D1AE52 /* background_blue.png */; };
		EAFE9FE9199B3DD400D1AE52 /* background_red.png in Resources */ = {isa = PBXBuildFile; fileRef = EAFE9FC3199B3DD400D1AE52 /* background_red.png */; };
		EAFE9FEA199B3DD400D1AE52 /* background_yellow.png in Resources */ = {isa = PBXBuildFile; fileRef = EAFE9FC4199B3DD400D1AE52 /* background_yellow.png */; };
		EAFE9FEB199B3DD400D1AE52 /* big_star_blue.png in Resources */ = {isa = PBXBuildFile; fileRef = EAFE9FC5199B3DD400D1AE52 /* big_star_blue.png */; };
		EAFE9FEC199B3DD400D1AE52 /* big_star_red.png in Resources */ = {isa = PBXBuildFile; fileRef = EAFE9FC6199B3DD400D1AE52 /* big_star_red.png */; };
		EAFE9FED199B3DD400D1AE52 /* big_star_yellow.png in Resources */ = {isa = PBXBuildFile; fileRef = EAFE9FC7199B3DD400D1AE52 /* big_star_yellow.png */; };
		EAFE9FEE199B3DD400D1AE52 /* bonus.mp3 in Resources */ = {isa = PBXBuildFile; fileRef = EAFE9FC8199B3DD400D1AE52 /* bonus.mp3 */; };
		EAFE9FEF199B3DD400D1AE52 /* defeat.png in Resources */ = {isa = PBXBuildFile; fileRef = EAFE9FC9199B3DD400D1AE52 /* defeat.png */; };
		EAFE9FF0199B3DD400D1AE52 /* Eliminate0.mp3 in Resources */ = {isa = PBXBuildFile; fileRef = EAFE9FCA199B3DD400D1AE52 /* Eliminate0.mp3 */; };
		EAFE9FF1199B3DD400D1AE52 /* Eliminate1.mp3 in Resources */ = {isa = PBXBuildFile; fileRef = EAFE9FCB199B3DD400D1AE52 /* Eliminate1.mp3 */; };
		EAFE9FF2199B3DD400D1AE52 /* Eliminate2.mp3 in Resources */ = {isa = PBXBuildFile; fileRef = EAFE9FCC199B3DD400D1AE52 /* Eliminate2.mp3 */; };
		EAFE9FF3199B3DD400D1AE52 /* Eliminate3.mp3 in Resources */ = {isa = PBXBuildFile; fileRef = EAFE9FCD199B3DD400D1AE52 /* Eliminate3.mp3 */; };
		EAFE9FF4199B3DD400D1AE52 /* Eliminate4.mp3 in Resources */ = {isa = PBXBuildFile; fileRef = EAFE9FCE199B3DD400D1AE52 /* Eliminate4.mp3 */; };
		EAFE9FF5199B3DD400D1AE52 /* Eliminate5.mp3 in Resources */ = {isa = PBXBuildFile; fileRef = EAFE9FCF199B3DD400D1AE52 /* Eliminate5.mp3 */; };
		EAFE9FF6199B3DD400D1AE52 /* Eliminate6.mp3 in Resources */ = {isa = PBXBuildFile; fileRef = EAFE9FD0199B3DD400D1AE52 /* Eliminate6.mp3 */; };
		EAFE9FF7199B3DD400D1AE52 /* Eliminate7.mp3 in Resources */ = {isa = PBXBuildFile; fileRef = EAFE9FD1199B3DD400D1AE52 /* Eliminate7.mp3 */; };
		EAFE9FF8199B3DD400D1AE52 /* game.mp3 in Resources */ = {isa = PBXBuildFile; fileRef = EAFE9FD2199B3DD400D1AE52 /* game.mp3 */; };
		EAFE9FF9199B3DD400D1AE52 /* help.png in Resources */ = {isa = PBXBuildFile; fileRef = EAFE9FD3199B3DD400D1AE52 /* help.png */; };
		EAFE9FFA199B3DD400D1AE52 /* move.mp3 in Resources */ = {isa = PBXBuildFile; fileRef = EAFE9FD4199B3DD400D1AE52 /* move.mp3 */; };
		EAFEA002199B3DD400D1AE52 /* small_star_blue.png in Resources */ = {isa = PBXBuildFile; fileRef = EAFE9FDC199B3DD400D1AE52 /* small_star_blue.png */; };
		EAFEA003199B3DD400D1AE52 /* small_star_red.png in Resources */ = {isa = PBXBuildFile; fileRef = EAFE9FDD199B3DD400D1AE52 /* small_star_red.png */; };
		EAFEA004199B3DD400D1AE52 /* small_star_yellow.png in Resources */ = {isa = PBXBuildFile; fileRef = EAFE9FDE199B3DD400D1AE52 /* small_star_yellow.png */; };
		EAFEA005199B3DD400D1AE52 /* tablecloth_blue.png in Resources */ = {isa = PBXBuildFile; fileRef = EAFE9FDF199B3DD400D1AE52 /* tablecloth_blue.png */; };
		EAFEA006199B3DD400D1AE52 /* tablecloth_red.png in Resources */ = {isa = PBXBuildFile; fileRef = EAFE9FE0199B3DD400D1AE52 /* tablecloth_red.png */; };
		EAFEA007199B3DD400D1AE52 /* tablecloth_yellow.png in Resources */ = {isa = PBXBuildFile; fileRef = EAFE9FE1199B3DD400D1AE52 /* tablecloth_yellow.png */; };
		EAFEA008199B3DD400D1AE52 /* tiny_star_blue.png in Resources */ = {isa = PBXBuildFile; fileRef = EAFE9FE2199B3DD400D1AE52 /* tiny_star_blue.png */; };
		EAFEA009199B3DD400D1AE52 /* tiny_star_red.png in Resources */ = {isa = PBXBuildFile; fileRef = EAFE9FE3199B3DD400D1AE52 /* tiny_star_red.png */; };
		EAFEA00A199B3DD400D1AE52 /* tiny_star_yellow.png in Resources */ = {isa = PBXBuildFile; fileRef = EAFE9FE4199B3DD400D1AE52 /* tiny_star_yellow.png */; };
		EAFEA00B199B3DD400D1AE52 /* title.png in Resources */ = {isa = PBXBuildFile; fileRef = EAFE9FE5199B3DD400D1AE52 /* title.png */; };
		EAFEA00C199B3DD400D1AE52 /* world.mp3 in Resources */ = {isa = PBXBuildFile; fileRef = EAFE9FE6199B3DD400D1AE52 /* world.mp3 */; };
/* End PBXBuildFile section */

/* Begin PBXContainerItemProxy section */
		1AC6FAF8180E9839004C840B /* PBXContainerItemProxy */ = {
			isa = PBXContainerItemProxy;
			containerPortal = 1AC6FAE5180E9839004C840B /* cocos2d_libs.xcodeproj */;
			proxyType = 2;
			remoteGlobalIDString = 1551A33F158F2AB200E66CFE;
			remoteInfo = "cocos2dx Mac";
		};
		1AC6FAFA180E9839004C840B /* PBXContainerItemProxy */ = {
			isa = PBXContainerItemProxy;
			containerPortal = 1AC6FAE5180E9839004C840B /* cocos2d_libs.xcodeproj */;
			proxyType = 2;
			remoteGlobalIDString = A03F2FD617814595006731B9;
			remoteInfo = "cocos2dx-extensions Mac";
		};
		1AC6FAFC180E9839004C840B /* PBXContainerItemProxy */ = {
			isa = PBXContainerItemProxy;
			containerPortal = 1AC6FAE5180E9839004C840B /* cocos2d_libs.xcodeproj */;
			proxyType = 2;
			remoteGlobalIDString = A03F2CB81780BD04006731B9;
			remoteInfo = "chipmunk Mac";
		};
		1AC6FAFE180E9839004C840B /* PBXContainerItemProxy */ = {
			isa = PBXContainerItemProxy;
			containerPortal = 1AC6FAE5180E9839004C840B /* cocos2d_libs.xcodeproj */;
			proxyType = 2;
			remoteGlobalIDString = A03F2D9B1780BDF7006731B9;
			remoteInfo = "box2d Mac";
		};
		1AC6FB00180E9839004C840B /* PBXContainerItemProxy */ = {
			isa = PBXContainerItemProxy;
			containerPortal = 1AC6FAE5180E9839004C840B /* cocos2d_libs.xcodeproj */;
			proxyType = 2;
			remoteGlobalIDString = A03F2ED617814268006731B9;
			remoteInfo = "CocosDenshion Mac";
		};
		1AC6FB06180E9839004C840B /* PBXContainerItemProxy */ = {
			isa = PBXContainerItemProxy;
			containerPortal = 1AC6FAE5180E9839004C840B /* cocos2d_libs.xcodeproj */;
			proxyType = 2;
			remoteGlobalIDString = A07A4D641783777C0073F6A7;
			remoteInfo = "cocos2dx iOS";
		};
		1AC6FB08180E9839004C840B /* PBXContainerItemProxy */ = {
			isa = PBXContainerItemProxy;
			containerPortal = 1AC6FAE5180E9839004C840B /* cocos2d_libs.xcodeproj */;
			proxyType = 2;
			remoteGlobalIDString = A07A4EFC1783867C0073F6A7;
			remoteInfo = "cocos2dx-extensions iOS";
		};
		1AC6FB0A180E9839004C840B /* PBXContainerItemProxy */ = {
			isa = PBXContainerItemProxy;
			containerPortal = 1AC6FAE5180E9839004C840B /* cocos2d_libs.xcodeproj */;
			proxyType = 2;
			remoteGlobalIDString = A07A4F3B178387670073F6A7;
			remoteInfo = "chipmunk iOS";
		};
		1AC6FB0C180E9839004C840B /* PBXContainerItemProxy */ = {
			isa = PBXContainerItemProxy;
			containerPortal = 1AC6FAE5180E9839004C840B /* cocos2d_libs.xcodeproj */;
			proxyType = 2;
			remoteGlobalIDString = A07A4F9E1783876B0073F6A7;
			remoteInfo = "box2d iOS";
		};
		1AC6FB0E180E9839004C840B /* PBXContainerItemProxy */ = {
			isa = PBXContainerItemProxy;
			containerPortal = 1AC6FAE5180E9839004C840B /* cocos2d_libs.xcodeproj */;
			proxyType = 2;
			remoteGlobalIDString = A07A4FB4178387730073F6A7;
			remoteInfo = "CocosDenshion iOS";
		};
		1AC6FB15180E9959004C840B /* PBXContainerItemProxy */ = {
			isa = PBXContainerItemProxy;
			containerPortal = 1AC6FAE5180E9839004C840B /* cocos2d_libs.xcodeproj */;
			proxyType = 1;
			remoteGlobalIDString = 1551A33E158F2AB200E66CFE;
			remoteInfo = "cocos2dx Mac";
		};
		1AC6FB17180E9959004C840B /* PBXContainerItemProxy */ = {
			isa = PBXContainerItemProxy;
			containerPortal = 1AC6FAE5180E9839004C840B /* cocos2d_libs.xcodeproj */;
			proxyType = 1;
			remoteGlobalIDString = A03F2FC117814595006731B9;
			remoteInfo = "cocos2dx-extensions Mac";
		};
		1AC6FB19180E9959004C840B /* PBXContainerItemProxy */ = {
			isa = PBXContainerItemProxy;
			containerPortal = 1AC6FAE5180E9839004C840B /* cocos2d_libs.xcodeproj */;
			proxyType = 1;
			remoteGlobalIDString = A03F2B781780BD04006731B9;
			remoteInfo = "chipmunk Mac";
		};
		1AC6FB1B180E9959004C840B /* PBXContainerItemProxy */ = {
			isa = PBXContainerItemProxy;
			containerPortal = 1AC6FAE5180E9839004C840B /* cocos2d_libs.xcodeproj */;
			proxyType = 1;
			remoteGlobalIDString = A03F2E9817814268006731B9;
			remoteInfo = "CocosDenshion Mac";
		};
		1AC6FB1D180E9963004C840B /* PBXContainerItemProxy */ = {
			isa = PBXContainerItemProxy;
			containerPortal = 1AC6FAE5180E9839004C840B /* cocos2d_libs.xcodeproj */;
			proxyType = 1;
			remoteGlobalIDString = A03F2D5D1780BDF7006731B9;
			remoteInfo = "box2d Mac";
		};
		1AC6FB24180E99E1004C840B /* PBXContainerItemProxy */ = {
			isa = PBXContainerItemProxy;
			containerPortal = 1AC6FAE5180E9839004C840B /* cocos2d_libs.xcodeproj */;
			proxyType = 1;
			remoteGlobalIDString = A07A4C241783777C0073F6A7;
			remoteInfo = "cocos2dx iOS";
		};
		1AC6FB26180E99E1004C840B /* PBXContainerItemProxy */ = {
			isa = PBXContainerItemProxy;
			containerPortal = 1AC6FAE5180E9839004C840B /* cocos2d_libs.xcodeproj */;
			proxyType = 1;
			remoteGlobalIDString = A07A4E111783867C0073F6A7;
			remoteInfo = "cocos2dx-extensions iOS";
		};
		1AC6FB28180E99E1004C840B /* PBXContainerItemProxy */ = {
			isa = PBXContainerItemProxy;
			containerPortal = 1AC6FAE5180E9839004C840B /* cocos2d_libs.xcodeproj */;
			proxyType = 1;
			remoteGlobalIDString = A07A4EFD178387670073F6A7;
			remoteInfo = "chipmunk iOS";
		};
		1AC6FB2A180E99E1004C840B /* PBXContainerItemProxy */ = {
			isa = PBXContainerItemProxy;
			containerPortal = 1AC6FAE5180E9839004C840B /* cocos2d_libs.xcodeproj */;
			proxyType = 1;
			remoteGlobalIDString = A07A4F3C1783876B0073F6A7;
			remoteInfo = "box2d iOS";
		};
		1AC6FB2C180E99E1004C840B /* PBXContainerItemProxy */ = {
			isa = PBXContainerItemProxy;
			containerPortal = 1AC6FAE5180E9839004C840B /* cocos2d_libs.xcodeproj */;
			proxyType = 1;
			remoteGlobalIDString = A07A4F9F178387730073F6A7;
			remoteInfo = "CocosDenshion iOS";
		};
/* End PBXContainerItemProxy section */

/* Begin PBXFileReference section */
		1AC6FAE5180E9839004C840B /* cocos2d_libs.xcodeproj */ = {isa = PBXFileReference; lastKnownFileType = "wrapper.pb-project"; name = cocos2d_libs.xcodeproj; path = ../cocos2d/build/cocos2d_libs.xcodeproj; sourceTree = "<group>"; };
		1ACB3243164770DE00914215 /* libcurl.a */ = {isa = PBXFileReference; lastKnownFileType = archive.ar; name = libcurl.a; path = ../../cocos2dx/platform/third_party/ios/libraries/libcurl.a; sourceTree = "<group>"; };
		1AFAF8B316D35DE700DB1158 /* AppDelegate.cpp */ = {isa = PBXFileReference; fileEncoding = 4; lastKnownFileType = sourcecode.cpp.cpp; name = AppDelegate.cpp; path = ../Classes/AppDelegate.cpp; sourceTree = "<group>"; };
		1AFAF8B416D35DE700DB1158 /* AppDelegate.h */ = {isa = PBXFileReference; fileEncoding = 4; lastKnownFileType = sourcecode.c.h; name = AppDelegate.h; path = ../Classes/AppDelegate.h; sourceTree = "<group>"; };
		1D30AB110D05D00D00671497 /* Foundation.framework */ = {isa = PBXFileReference; lastKnownFileType = wrapper.framework; name = Foundation.framework; path = System/Library/Frameworks/Foundation.framework; sourceTree = SDKROOT; };
		1D6058910D05DD3D006BFB54 /* SmartStar.app */ = {isa = PBXFileReference; explicitFileType = wrapper.application; includeInIndex = 0; path = SmartStar.app; sourceTree = BUILT_PRODUCTS_DIR; };
		1DF5F4DF0D08C38300B7A737 /* UIKit.framework */ = {isa = PBXFileReference; lastKnownFileType = wrapper.framework; name = UIKit.framework; path = System/Library/Frameworks/UIKit.framework; sourceTree = SDKROOT; };
		288765A40DF7441C002DB57D /* CoreGraphics.framework */ = {isa = PBXFileReference; lastKnownFileType = wrapper.framework; name = CoreGraphics.framework; path = System/Library/Frameworks/CoreGraphics.framework; sourceTree = SDKROOT; };
		503AE0F617EB97AB00D1A890 /* Icon.icns */ = {isa = PBXFileReference; lastKnownFileType = image.icns; path = Icon.icns; sourceTree = "<group>"; };
		503AE0F717EB97AB00D1A890 /* Info.plist */ = {isa = PBXFileReference; fileEncoding = 4; lastKnownFileType = text.plist.xml; path = Info.plist; sourceTree = "<group>"; };
		503AE0FA17EB989F00D1A890 /* AppController.h */ = {isa = PBXFileReference; fileEncoding = 4; lastKnownFileType = sourcecode.c.h; name = AppController.h; path = ios/AppController.h; sourceTree = SOURCE_ROOT; };
		503AE0FB17EB989F00D1A890 /* AppController.mm */ = {isa = PBXFileReference; fileEncoding = 4; lastKnownFileType = sourcecode.cpp.objcpp; name = AppController.mm; path = ios/AppController.mm; sourceTree = SOURCE_ROOT; };
		503AE0FC17EB989F00D1A890 /* main.m */ = {isa = PBXFileReference; fileEncoding = 4; lastKnownFileType = sourcecode.c.objc; name = main.m; path = ios/main.m; sourceTree = SOURCE_ROOT; };
		503AE0FD17EB989F00D1A890 /* Prefix.pch */ = {isa = PBXFileReference; fileEncoding = 4; lastKnownFileType = sourcecode.c.h; name = Prefix.pch; path = ios/Prefix.pch; sourceTree = SOURCE_ROOT; };
		503AE0FE17EB989F00D1A890 /* RootViewController.h */ = {isa = PBXFileReference; fileEncoding = 4; lastKnownFileType = sourcecode.c.h; name = RootViewController.h; path = ios/RootViewController.h; sourceTree = SOURCE_ROOT; };
		503AE0FF17EB989F00D1A890 /* RootViewController.mm */ = {isa = PBXFileReference; fileEncoding = 4; lastKnownFileType = sourcecode.cpp.objcpp; name = RootViewController.mm; path = ios/RootViewController.mm; sourceTree = SOURCE_ROOT; };
		503AE10317EB98FF00D1A890 /* main.cpp */ = {isa = PBXFileReference; fileEncoding = 4; lastKnownFileType = sourcecode.cpp.cpp; name = main.cpp; path = mac/main.cpp; sourceTree = "<group>"; };
		503AE10417EB98FF00D1A890 /* Prefix.pch */ = {isa = PBXFileReference; fileEncoding = 4; lastKnownFileType = sourcecode.c.h; name = Prefix.pch; path = mac/Prefix.pch; sourceTree = "<group>"; };
		503AE11117EB99EE00D1A890 /* libcurl.dylib */ = {isa = PBXFileReference; lastKnownFileType = "compiled.mach-o.dylib"; name = libcurl.dylib; path = usr/lib/libcurl.dylib; sourceTree = SDKROOT; };
		503AE11A17EB9C5A00D1A890 /* IOKit.framework */ = {isa = PBXFileReference; lastKnownFileType = wrapper.framework; name = IOKit.framework; path = System/Library/Frameworks/IOKit.framework; sourceTree = SDKROOT; };
		5087E76F17EB910900C73F5D /* SmartStar Mac.app */ = {isa = PBXFileReference; explicitFileType = wrapper.application; includeInIndex = 0; path = "SmartStar Mac.app"; sourceTree = BUILT_PRODUCTS_DIR; };
		5087E77217EB970100C73F5D /* Default-568h@2x.png */ = {isa = PBXFileReference; lastKnownFileType = image.png; path = "Default-568h@2x.png"; sourceTree = "<group>"; };
		5087E77317EB970100C73F5D /* Default.png */ = {isa = PBXFileReference; lastKnownFileType = image.png; path = Default.png; sourceTree = "<group>"; };
		5087E77417EB970100C73F5D /* Default@2x.png */ = {isa = PBXFileReference; lastKnownFileType = image.png; path = "Default@2x.png"; sourceTree = "<group>"; };
		5087E77517EB970100C73F5D /* Icon-114.png */ = {isa = PBXFileReference; lastKnownFileType = image.png; path = "Icon-114.png"; sourceTree = "<group>"; };
		5087E77617EB970100C73F5D /* Icon-120.png */ = {isa = PBXFileReference; lastKnownFileType = image.png; path = "Icon-120.png"; sourceTree = "<group>"; };
		5087E77717EB970100C73F5D /* Icon-144.png */ = {isa = PBXFileReference; lastKnownFileType = image.png; path = "Icon-144.png"; sourceTree = "<group>"; };
		5087E77817EB970100C73F5D /* Icon-152.png */ = {isa = PBXFileReference; lastKnownFileType = image.png; path = "Icon-152.png"; sourceTree = "<group>"; };
		5087E77917EB970100C73F5D /* Icon-57.png */ = {isa = PBXFileReference; lastKnownFileType = image.png; path = "Icon-57.png"; sourceTree = "<group>"; };
		5087E77A17EB970100C73F5D /* Icon-72.png */ = {isa = PBXFileReference; lastKnownFileType = image.png; path = "Icon-72.png"; sourceTree = "<group>"; };
		5087E77B17EB970100C73F5D /* Icon-76.png */ = {isa = PBXFileReference; lastKnownFileType = image.png; path = "Icon-76.png"; sourceTree = "<group>"; };
		5087E77C17EB970100C73F5D /* Info.plist */ = {isa = PBXFileReference; fileEncoding = 4; lastKnownFileType = text.plist.xml; path = Info.plist; sourceTree = "<group>"; };
		5087E78817EB974C00C73F5D /* AppKit.framework */ = {isa = PBXFileReference; lastKnownFileType = wrapper.framework; name = AppKit.framework; path = System/Library/Frameworks/AppKit.framework; sourceTree = SDKROOT; };
		5087E78A17EB975400C73F5D /* OpenGL.framework */ = {isa = PBXFileReference; lastKnownFileType = wrapper.framework; name = OpenGL.framework; path = System/Library/Frameworks/OpenGL.framework; sourceTree = SDKROOT; };
		50EF629217ECD46A001EB2F8 /* Icon-40.png */ = {isa = PBXFileReference; lastKnownFileType = image.png; path = "Icon-40.png"; sourceTree = "<group>"; };
		50EF629317ECD46A001EB2F8 /* Icon-58.png */ = {isa = PBXFileReference; lastKnownFileType = image.png; path = "Icon-58.png"; sourceTree = "<group>"; };
		50EF629417ECD46A001EB2F8 /* Icon-80.png */ = {isa = PBXFileReference; lastKnownFileType = image.png; path = "Icon-80.png"; sourceTree = "<group>"; };
		50EF629517ECD46A001EB2F8 /* Icon-100.png */ = {isa = PBXFileReference; lastKnownFileType = image.png; path = "Icon-100.png"; sourceTree = "<group>"; };
		50EF62A017ECD613001EB2F8 /* Icon-29.png */ = {isa = PBXFileReference; lastKnownFileType = image.png; path = "Icon-29.png"; sourceTree = "<group>"; };
		50EF62A117ECD613001EB2F8 /* Icon-50.png */ = {isa = PBXFileReference; lastKnownFileType = image.png; path = "Icon-50.png"; sourceTree = "<group>"; };
		BF170DB012928DE900B8313A /* OpenGLES.framework */ = {isa = PBXFileReference; lastKnownFileType = wrapper.framework; name = OpenGLES.framework; path = System/Library/Frameworks/OpenGLES.framework; sourceTree = SDKROOT; };
		BF170DB412928DE900B8313A /* libz.dylib */ = {isa = PBXFileReference; lastKnownFileType = "compiled.mach-o.dylib"; name = libz.dylib; path = usr/lib/libz.dylib; sourceTree = SDKROOT; };
		BF1C47EA1293683800B63C5D /* QuartzCore.framework */ = {isa = PBXFileReference; lastKnownFileType = wrapper.framework; name = QuartzCore.framework; path = System/Library/Frameworks/QuartzCore.framework; sourceTree = SDKROOT; };
		D44C620B132DFF330009C878 /* OpenAL.framework */ = {isa = PBXFileReference; lastKnownFileType = wrapper.framework; name = OpenAL.framework; path = System/Library/Frameworks/OpenAL.framework; sourceTree = SDKROOT; };
		D44C620D132DFF430009C878 /* AVFoundation.framework */ = {isa = PBXFileReference; lastKnownFileType = wrapper.framework; name = AVFoundation.framework; path = System/Library/Frameworks/AVFoundation.framework; sourceTree = SDKROOT; };
		D44C620F132DFF4E0009C878 /* AudioToolbox.framework */ = {isa = PBXFileReference; lastKnownFileType = wrapper.framework; name = AudioToolbox.framework; path = System/Library/Frameworks/AudioToolbox.framework; sourceTree = SDKROOT; };
		D6B0611A1803AB670077942B /* CoreMotion.framework */ = {isa = PBXFileReference; lastKnownFileType = wrapper.framework; name = CoreMotion.framework; path = Platforms/iPhoneOS.platform/Developer/SDKs/iPhoneOS7.0.sdk/System/Library/Frameworks/CoreMotion.framework; sourceTree = DEVELOPER_DIR; };
		EA62CF5A199C6B85002819D9 /* ExitPanel.cpp */ = {isa = PBXFileReference; fileEncoding = 4; lastKnownFileType = sourcecode.cpp.cpp; name = ExitPanel.cpp; path = ../Classes/ExitPanel.cpp; sourceTree = "<group>"; };
		EA62CF5B199C6B85002819D9 /* ExitPanel.h */ = {isa = PBXFileReference; fileEncoding = 4; lastKnownFileType = sourcecode.c.h; name = ExitPanel.h; path = ../Classes/ExitPanel.h; sourceTree = "<group>"; };
		EA99B8411A4FCA2F00BA8C76 /* Images.xcassets */ = {isa = PBXFileReference; lastKnownFileType = folder.assetcatalog; name = Images.xcassets; path = "SmartStar iOS/Images.xcassets"; sourceTree = SOURCE_ROOT; };
		EAB4C17F199CC38100974A29 /* sound_off.png */ = {isa = PBXFileReference; lastKnownFileType = image.png; path = sound_off.png; sourceTree = "<group>"; };
		EAB4C180199CC38100974A29 /* sound_on.png */ = {isa = PBXFileReference; lastKnownFileType = image.png; path = sound_on.png; sourceTree = "<group>"; };
		EAE2A8B51A43CD0300B6F5B0 /* AVFoundation.framework */ = {isa = PBXFileReference; lastKnownFileType = wrapper.framework; name = AVFoundation.framework; path = Platforms/iPhoneOS.platform/Developer/SDKs/iPhoneOS8.1.sdk/System/Library/Frameworks/AVFoundation.framework; sourceTree = DEVELOPER_DIR; };
		EAE2A8B81A43CD9200B6F5B0 /* Foundation.framework */ = {isa = PBXFileReference; lastKnownFileType = wrapper.framework; name = Foundation.framework; path = Platforms/iPhoneOS.platform/Developer/SDKs/iPhoneOS8.1.sdk/System/Library/Frameworks/Foundation.framework; sourceTree = DEVELOPER_DIR; };
		EAE2A8BA1A43CDB200B6F5B0 /* QuartzCore.framework */ = {isa = PBXFileReference; lastKnownFileType = wrapper.framework; name = QuartzCore.framework; path = Platforms/iPhoneOS.platform/Developer/SDKs/iPhoneOS8.1.sdk/System/Library/Frameworks/QuartzCore.framework; sourceTree = DEVELOPER_DIR; };
		EAFE9F41199B3D1700D1AE52 /* Button.cpp */ = {isa = PBXFileReference; fileEncoding = 4; lastKnownFileType = sourcecode.cpp.cpp; name = Button.cpp; path = ../Classes/Button.cpp; sourceTree = "<group>"; };
		EAFE9F42199B3D1700D1AE52 /* Button.h */ = {isa = PBXFileReference; fileEncoding = 4; lastKnownFileType = sourcecode.c.h; name = Button.h; path = ../Classes/Button.h; sourceTree = "<group>"; };
		EAFE9F43199B3D1700D1AE52 /* Chess.cpp */ = {isa = PBXFileReference; fileEncoding = 4; lastKnownFileType = sourcecode.cpp.cpp; name = Chess.cpp; path = ../Classes/Chess.cpp; sourceTree = "<group>"; };
		EAFE9F44199B3D1700D1AE52 /* Chess.h */ = {isa = PBXFileReference; fileEncoding = 4; lastKnownFileType = sourcecode.c.h; name = Chess.h; path = ../Classes/Chess.h; sourceTree = "<group>"; };
		EAFE9F45199B3D1700D1AE52 /* Chessboard.cpp */ = {isa = PBXFileReference; fileEncoding = 4; lastKnownFileType = sourcecode.cpp.cpp; name = Chessboard.cpp; path = ../Classes/Chessboard.cpp; sourceTree = "<group>"; };
		EAFE9F46199B3D1700D1AE52 /* Chessboard.h */ = {isa = PBXFileReference; fileEncoding = 4; lastKnownFileType = sourcecode.c.h; name = Chessboard.h; path = ../Classes/Chessboard.h; sourceTree = "<group>"; };
		EAFE9F47199B3D1700D1AE52 /* CTouchEngine.cpp */ = {isa = PBXFileReference; fileEncoding = 4; lastKnownFileType = sourcecode.cpp.cpp; name = CTouchEngine.cpp; path = ../Classes/CTouchEngine.cpp; sourceTree = "<group>"; };
		EAFE9F48199B3D1700D1AE52 /* CTouchEngine.h */ = {isa = PBXFileReference; fileEncoding = 4; lastKnownFileType = sourcecode.c.h; name = CTouchEngine.h; path = ../Classes/CTouchEngine.h; sourceTree = "<group>"; };
		EAFE9F49199B3D1700D1AE52 /* DefeatPanel.cpp */ = {isa = PBXFileReference; fileEncoding = 4; lastKnownFileType = sourcecode.cpp.cpp; name = DefeatPanel.cpp; path = ../Classes/DefeatPanel.cpp; sourceTree = "<group>"; };
		EAFE9F4A199B3D1700D1AE52 /* DefeatPanel.h */ = {isa = PBXFileReference; fileEncoding = 4; lastKnownFileType = sourcecode.c.h; name = DefeatPanel.h; path = ../Classes/DefeatPanel.h; sourceTree = "<group>"; };
		EAFE9F4B199B3D1700D1AE52 /* GamePanel.cpp */ = {isa = PBXFileReference; fileEncoding = 4; lastKnownFileType = sourcecode.cpp.cpp; name = GamePanel.cpp; path = ../Classes/GamePanel.cpp; sourceTree = "<group>"; };
		EAFE9F4C199B3D1700D1AE52 /* GamePanel.h */ = {isa = PBXFileReference; fileEncoding = 4; lastKnownFileType = sourcecode.c.h; name = GamePanel.h; path = ../Classes/GamePanel.h; sourceTree = "<group>"; };
		EAFE9F4D199B3D1700D1AE52 /* Header.cpp */ = {isa = PBXFileReference; fileEncoding = 4; lastKnownFileType = sourcecode.cpp.cpp; name = Header.cpp; path = ../Classes/Header.cpp; sourceTree = "<group>"; };
		EAFE9F4E199B3D1700D1AE52 /* Header.h */ = {isa = PBXFileReference; fileEncoding = 4; lastKnownFileType = sourcecode.c.h; name = Header.h; path = ../Classes/Header.h; sourceTree = "<group>"; };
		EAFE9F4F199B3D1700D1AE52 /* HelpPanel.cpp */ = {isa = PBXFileReference; fileEncoding = 4; lastKnownFileType = sourcecode.cpp.cpp; name = HelpPanel.cpp; path = ../Classes/HelpPanel.cpp; sourceTree = "<group>"; };
		EAFE9F50199B3D1700D1AE52 /* HelpPanel.h */ = {isa = PBXFileReference; fileEncoding = 4; lastKnownFileType = sourcecode.c.h; name = HelpPanel.h; path = ../Classes/HelpPanel.h; sourceTree = "<group>"; };
		EAFE9F52199B3D1700D1AE52 /* ITouchHandle.h */ = {isa = PBXFileReference; fileEncoding = 4; lastKnownFileType = sourcecode.c.h; path = ITouchHandle.h; sourceTree = "<group>"; };
		EAFE9F53199B3D1700D1AE52 /* Panel.cpp */ = {isa = PBXFileReference; fileEncoding = 4; lastKnownFileType = sourcecode.cpp.cpp; name = Panel.cpp; path = ../Classes/Panel.cpp; sourceTree = "<group>"; };
		EAFE9F54199B3D1700D1AE52 /* Panel.h */ = {isa = PBXFileReference; fileEncoding = 4; lastKnownFileType = sourcecode.c.h; name = Panel.h; path = ../Classes/Panel.h; sourceTree = "<group>"; };
		EAFE9F57199B3D1700D1AE52 /* Smart09.cpp */ = {isa = PBXFileReference; fileEncoding = 4; lastKnownFileType = sourcecode.cpp.cpp; name = Smart09.cpp; path = ../Classes/Smart09.cpp; sourceTree = "<group>"; };
		EAFE9F58199B3D1700D1AE52 /* Smart09.h */ = {isa = PBXFileReference; fileEncoding = 4; lastKnownFileType = sourcecode.c.h; name = Smart09.h; path = ../Classes/Smart09.h; sourceTree = "<group>"; };
		EAFE9F59199B3D1700D1AE52 /* StartPanel.cpp */ = {isa = PBXFileReference; fileEncoding = 4; lastKnownFileType = sourcecode.cpp.cpp; name = StartPanel.cpp; path = ../Classes/StartPanel.cpp; sourceTree = "<group>"; };
		EAFE9F5A199B3D1700D1AE52 /* StartPanel.h */ = {isa = PBXFileReference; fileEncoding = 4; lastKnownFileType = sourcecode.c.h; name = StartPanel.h; path = ../Classes/StartPanel.h; sourceTree = "<group>"; };
		EAFE9F6B199B3D6300D1AE52 /* AndroidSys.h */ = {isa = PBXFileReference; fileEncoding = 4; lastKnownFileType = sourcecode.c.h; path = AndroidSys.h; sourceTree = "<group>"; };
		EAFE9F6C199B3D6300D1AE52 /* AndroidTools.h */ = {isa = PBXFileReference; fileEncoding = 4; lastKnownFileType = sourcecode.c.h; path = AndroidTools.h; sourceTree = "<group>"; };
		EAFE9F6D199B3D6300D1AE52 /* Archive.h */ = {isa = PBXFileReference; fileEncoding = 4; lastKnownFileType = sourcecode.c.h; path = Archive.h; sourceTree = "<group>"; };
		EAFE9F70199B3D6300D1AE52 /* CHashMap.h */ = {isa = PBXFileReference; fileEncoding = 4; lastKnownFileType = sourcecode.c.h; path = CHashMap.h; sourceTree = "<group>"; };
		EAFE9F71199B3D6300D1AE52 /* CLock.h */ = {isa = PBXFileReference; fileEncoding = 4; lastKnownFileType = sourcecode.c.h; path = CLock.h; sourceTree = "<group>"; };
		EAFE9F72199B3D6300D1AE52 /* CLockUnit.h */ = {isa = PBXFileReference; fileEncoding = 4; lastKnownFileType = sourcecode.c.h; path = CLockUnit.h; sourceTree = "<group>"; };
		EAFE9F79199B3D6300D1AE52 /* IOSSys.h */ = {isa = PBXFileReference; fileEncoding = 4; lastKnownFileType = sourcecode.c.h; path = IOSSys.h; sourceTree = "<group>"; };
		EAFE9F7A199B3D6300D1AE52 /* IOSTools.h */ = {isa = PBXFileReference; fileEncoding = 4; lastKnownFileType = sourcecode.c.h; path = IOSTools.h; sourceTree = "<group>"; };
		EAFE9F8B199B3D6300D1AE52 /* LinuxSys.h */ = {isa = PBXFileReference; fileEncoding = 4; lastKnownFileType = sourcecode.c.h; path = LinuxSys.h; sourceTree = "<group>"; };
		EAFE9F8C199B3D6300D1AE52 /* LinuxTools.h */ = {isa = PBXFileReference; fileEncoding = 4; lastKnownFileType = sourcecode.c.h; path = LinuxTools.h; sourceTree = "<group>"; };
		EAFE9F8E199B3D6300D1AE52 /* MacSys.h */ = {isa = PBXFileReference; fileEncoding = 4; lastKnownFileType = sourcecode.c.h; path = MacSys.h; sourceTree = "<group>"; };
		EAFE9F8F199B3D6300D1AE52 /* MacTools.h */ = {isa = PBXFileReference; fileEncoding = 4; lastKnownFileType = sourcecode.c.h; path = MacTools.h; sourceTree = "<group>"; };
		EAFE9F90199B3D6300D1AE52 /* MultiSys.cpp */ = {isa = PBXFileReference; fileEncoding = 4; lastKnownFileType = sourcecode.cpp.cpp; path = MultiSys.cpp; sourceTree = "<group>"; };
		EAFE9F91199B3D6300D1AE52 /* MultiSys.h */ = {isa = PBXFileReference; fileEncoding = 4; lastKnownFileType = sourcecode.c.h; path = MultiSys.h; sourceTree = "<group>"; };
		EAFE9F92199B3D6300D1AE52 /* TAttribute.h */ = {isa = PBXFileReference; fileEncoding = 4; lastKnownFileType = sourcecode.c.h; path = TAttribute.h; sourceTree = "<group>"; };
		EAFE9F93199B3D6300D1AE52 /* TCallBack.h */ = {isa = PBXFileReference; fileEncoding = 4; lastKnownFileType = sourcecode.c.h; path = TCallBack.h; sourceTree = "<group>"; };
		EAFE9F94199B3D6300D1AE52 /* TFSM.h */ = {isa = PBXFileReference; fileEncoding = 4; lastKnownFileType = sourcecode.c.h; path = TFSM.h; sourceTree = "<group>"; };
		EAFE9F98199B3D6300D1AE52 /* tinystr.cpp */ = {isa = PBXFileReference; fileEncoding = 4; lastKnownFileType = sourcecode.cpp.cpp; path = tinystr.cpp; sourceTree = "<group>"; };
		EAFE9F99199B3D6300D1AE52 /* tinystr.h */ = {isa = PBXFileReference; fileEncoding = 4; lastKnownFileType = sourcecode.c.h; path = tinystr.h; sourceTree = "<group>"; };
		EAFE9F9A199B3D6300D1AE52 /* tinyxml.cpp */ = {isa = PBXFileReference; fileEncoding = 4; lastKnownFileType = sourcecode.cpp.cpp; path = tinyxml.cpp; sourceTree = "<group>"; };
		EAFE9F9B199B3D6300D1AE52 /* tinyxml.h */ = {isa = PBXFileReference; fileEncoding = 4; lastKnownFileType = sourcecode.c.h; path = tinyxml.h; sourceTree = "<group>"; };
		EAFE9F9C199B3D6300D1AE52 /* tinyxmlerror.cpp */ = {isa = PBXFileReference; fileEncoding = 4; lastKnownFileType = sourcecode.cpp.cpp; path = tinyxmlerror.cpp; sourceTree = "<group>"; };
		EAFE9F9D199B3D6300D1AE52 /* tinyxmlparser.cpp */ = {isa = PBXFileReference; fileEncoding = 4; lastKnownFileType = sourcecode.cpp.cpp; path = tinyxmlparser.cpp; sourceTree = "<group>"; };
		EAFE9F9E199B3D6300D1AE52 /* TLogger.h */ = {isa = PBXFileReference; fileEncoding = 4; lastKnownFileType = sourcecode.c.h; path = TLogger.h; sourceTree = "<group>"; };
		EAFE9F9F199B3D6300D1AE52 /* Tools.h */ = {isa = PBXFileReference; fileEncoding = 4; lastKnownFileType = sourcecode.c.h; path = Tools.h; sourceTree = "<group>"; };
		EAFE9FA0199B3D6300D1AE52 /* TPool.h */ = {isa = PBXFileReference; fileEncoding = 4; lastKnownFileType = sourcecode.c.h; path = TPool.h; sourceTree = "<group>"; };
		EAFE9FA1199B3D6300D1AE52 /* TQueue.h */ = {isa = PBXFileReference; fileEncoding = 4; lastKnownFileType = sourcecode.c.h; path = TQueue.h; sourceTree = "<group>"; };
		EAFE9FA2199B3D6300D1AE52 /* TStream.h */ = {isa = PBXFileReference; fileEncoding = 4; lastKnownFileType = sourcecode.c.h; path = TStream.h; sourceTree = "<group>"; };
		EAFE9FA9199B3D6300D1AE52 /* WinSys.h */ = {isa = PBXFileReference; fileEncoding = 4; lastKnownFileType = sourcecode.c.h; path = WinSys.h; sourceTree = "<group>"; };
		EAFE9FAA199B3D6300D1AE52 /* WinTools.h */ = {isa = PBXFileReference; fileEncoding = 4; lastKnownFileType = sourcecode.c.h; path = WinTools.h; sourceTree = "<group>"; };
		EAFE9FC1199B3DD400D1AE52 /* Abduction.ttf */ = {isa = PBXFileReference; lastKnownFileType = file; path = Abduction.ttf; sourceTree = "<group>"; };
		EAFE9FC2199B3DD400D1AE52 /* background_blue.png */ = {isa = PBXFileReference; lastKnownFileType = image.png; path = background_blue.png; sourceTree = "<group>"; };
		EAFE9FC3199B3DD400D1AE52 /* background_red.png */ = {isa = PBXFileReference; lastKnownFileType = image.png; path = background_red.png; sourceTree = "<group>"; };
		EAFE9FC4199B3DD400D1AE52 /* background_yellow.png */ = {isa = PBXFileReference; lastKnownFileType = image.png; path = background_yellow.png; sourceTree = "<group>"; };
		EAFE9FC5199B3DD400D1AE52 /* big_star_blue.png */ = {isa = PBXFileReference; lastKnownFileType = image.png; path = big_star_blue.png; sourceTree = "<group>"; };
		EAFE9FC6199B3DD400D1AE52 /* big_star_red.png */ = {isa = PBXFileReference; lastKnownFileType = image.png; path = big_star_red.png; sourceTree = "<group>"; };
		EAFE9FC7199B3DD400D1AE52 /* big_star_yellow.png */ = {isa = PBXFileReference; lastKnownFileType = image.png; path = big_star_yellow.png; sourceTree = "<group>"; };
		EAFE9FC8199B3DD400D1AE52 /* bonus.mp3 */ = {isa = PBXFileReference; lastKnownFileType = audio.mp3; path = bonus.mp3; sourceTree = "<group>"; };
		EAFE9FC9199B3DD400D1AE52 /* defeat.png */ = {isa = PBXFileReference; lastKnownFileType = image.png; path = defeat.png; sourceTree = "<group>"; };
		EAFE9FCA199B3DD400D1AE52 /* Eliminate0.mp3 */ = {isa = PBXFileReference; lastKnownFileType = audio.mp3; path = Eliminate0.mp3; sourceTree = "<group>"; };
		EAFE9FCB199B3DD400D1AE52 /* Eliminate1.mp3 */ = {isa = PBXFileReference; lastKnownFileType = audio.mp3; path = Eliminate1.mp3; sourceTree = "<group>"; };
		EAFE9FCC199B3DD400D1AE52 /* Eliminate2.mp3 */ = {isa = PBXFileReference; lastKnownFileType = audio.mp3; path = Eliminate2.mp3; sourceTree = "<group>"; };
		EAFE9FCD199B3DD400D1AE52 /* Eliminate3.mp3 */ = {isa = PBXFileReference; lastKnownFileType = audio.mp3; path = Eliminate3.mp3; sourceTree = "<group>"; };
		EAFE9FCE199B3DD400D1AE52 /* Eliminate4.mp3 */ = {isa = PBXFileReference; lastKnownFileType = audio.mp3; path = Eliminate4.mp3; sourceTree = "<group>"; };
		EAFE9FCF199B3DD400D1AE52 /* Eliminate5.mp3 */ = {isa = PBXFileReference; lastKnownFileType = audio.mp3; path = Eliminate5.mp3; sourceTree = "<group>"; };
		EAFE9FD0199B3DD400D1AE52 /* Eliminate6.mp3 */ = {isa = PBXFileReference; lastKnownFileType = audio.mp3; path = Eliminate6.mp3; sourceTree = "<group>"; };
		EAFE9FD1199B3DD400D1AE52 /* Eliminate7.mp3 */ = {isa = PBXFileReference; lastKnownFileType = audio.mp3; path = Eliminate7.mp3; sourceTree = "<group>"; };
		EAFE9FD2199B3DD400D1AE52 /* game.mp3 */ = {isa = PBXFileReference; lastKnownFileType = audio.mp3; path = game.mp3; sourceTree = "<group>"; };
		EAFE9FD3199B3DD400D1AE52 /* help.png */ = {isa = PBXFileReference; lastKnownFileType = image.png; path = help.png; sourceTree = "<group>"; };
		EAFE9FD4199B3DD400D1AE52 /* move.mp3 */ = {isa = PBXFileReference; lastKnownFileType = audio.mp3; path = move.mp3; sourceTree = "<group>"; };
		EAFE9FDC199B3DD400D1AE52 /* small_star_blue.png */ = {isa = PBXFileReference; lastKnownFileType = image.png; path = small_star_blue.png; sourceTree = "<group>"; };
		EAFE9FDD199B3DD400D1AE52 /* small_star_red.png */ = {isa = PBXFileReference; lastKnownFileType = image.png; path = small_star_red.png; sourceTree = "<group>"; };
		EAFE9FDE199B3DD400D1AE52 /* small_star_yellow.png */ = {isa = PBXFileReference; lastKnownFileType = image.png; path = small_star_yellow.png; sourceTree = "<group>"; };
		EAFE9FDF199B3DD400D1AE52 /* tablecloth_blue.png */ = {isa = PBXFileReference; lastKnownFileType = image.png; path = tablecloth_blue.png; sourceTree = "<group>"; };
		EAFE9FE0199B3DD400D1AE52 /* tablecloth_red.png */ = {isa = PBXFileReference; lastKnownFileType = image.png; path = tablecloth_red.png; sourceTree = "<group>"; };
		EAFE9FE1199B3DD400D1AE52 /* tablecloth_yellow.png */ = {isa = PBXFileReference; lastKnownFileType = image.png; path = tablecloth_yellow.png; sourceTree = "<group>"; };
		EAFE9FE2199B3DD400D1AE52 /* tiny_star_blue.png */ = {isa = PBXFileReference; lastKnownFileType = image.png; path = tiny_star_blue.png; sourceTree = "<group>"; };
		EAFE9FE3199B3DD400D1AE52 /* tiny_star_red.png */ = {isa = PBXFileReference; lastKnownFileType = image.png; path = tiny_star_red.png; sourceTree = "<group>"; };
		EAFE9FE4199B3DD400D1AE52 /* tiny_star_yellow.png */ = {isa = PBXFileReference; lastKnownFileType = image.png; path = tiny_star_yellow.png; sourceTree = "<group>"; };
		EAFE9FE5199B3DD400D1AE52 /* title.png */ = {isa = PBXFileReference; lastKnownFileType = image.png; path = title.png; sourceTree = "<group>"; };
		EAFE9FE6199B3DD400D1AE52 /* world.mp3 */ = {isa = PBXFileReference; lastKnownFileType = audio.mp3; path = world.mp3; sourceTree = "<group>"; };
/* End PBXFileReference section */

/* Begin PBXFrameworksBuildPhase section */
		1D60588F0D05DD3D006BFB54 /* Frameworks */ = {
			isa = PBXFrameworksBuildPhase;
			buildActionMask = 2147483647;
			files = (
				EAE2A8BB1A43CDB200B6F5B0 /* QuartzCore.framework in Frameworks */,
				EAE2A8B61A43CD0300B6F5B0 /* AVFoundation.framework in Frameworks */,
				1AC6FB30180E99EB004C840B /* libcocos2dx iOS.a in Frameworks */,
				1AC6FB31180E99EB004C840B /* libcocos2dx-extensions iOS.a in Frameworks */,
				1AC6FB32180E99EB004C840B /* libCocosDenshion iOS.a in Frameworks */,
				D6B0611B1803AB670077942B /* CoreMotion.framework in Frameworks */,
				1DF5F4E00D08C38300B7A737 /* UIKit.framework in Frameworks */,
				288765A50DF7441C002DB57D /* CoreGraphics.framework in Frameworks */,
				BF171245129291EC00B8313A /* OpenGLES.framework in Frameworks */,
				BF1712471292920000B8313A /* libz.dylib in Frameworks */,
				D44C620C132DFF330009C878 /* OpenAL.framework in Frameworks */,
				D44C6210132DFF4E0009C878 /* AudioToolbox.framework in Frameworks */,
			);
			runOnlyForDeploymentPostprocessing = 0;
		};
		5087E75C17EB910900C73F5D /* Frameworks */ = {
			isa = PBXFrameworksBuildPhase;
			buildActionMask = 2147483647;
			files = (
				1AC6FB1F180E996B004C840B /* libbox2d Mac.a in Frameworks */,
				1AC6FB20180E996B004C840B /* libchipmunk Mac.a in Frameworks */,
				1AC6FB21180E996B004C840B /* libcocos2dx Mac.a in Frameworks */,
				1AC6FB22180E996B004C840B /* libcocos2dx-extensions Mac.a in Frameworks */,
				1AC6FB23180E996B004C840B /* libCocosDenshion Mac.a in Frameworks */,
				503AE11217EB99EE00D1A890 /* libcurl.dylib in Frameworks */,
				5087E76717EB910900C73F5D /* libz.dylib in Frameworks */,
				503AE11B17EB9C5A00D1A890 /* IOKit.framework in Frameworks */,
				5087E78B17EB975400C73F5D /* OpenGL.framework in Frameworks */,
				5087E78917EB974C00C73F5D /* AppKit.framework in Frameworks */,
				5087E76317EB910900C73F5D /* Foundation.framework in Frameworks */,
				5087E76517EB910900C73F5D /* CoreGraphics.framework in Frameworks */,
				5087E76817EB910900C73F5D /* QuartzCore.framework in Frameworks */,
				5087E76917EB910900C73F5D /* OpenAL.framework in Frameworks */,
				5087E76A17EB910900C73F5D /* AVFoundation.framework in Frameworks */,
				5087E76B17EB910900C73F5D /* AudioToolbox.framework in Frameworks */,
			);
			runOnlyForDeploymentPostprocessing = 0;
		};
/* End PBXFrameworksBuildPhase section */

/* Begin PBXGroup section */
		080E96DDFE201D6D7F000001 /* ios */ = {
			isa = PBXGroup;
			children = (
				5087E77117EB970100C73F5D /* Icons */,
				503AE0FA17EB989F00D1A890 /* AppController.h */,
				503AE0FB17EB989F00D1A890 /* AppController.mm */,
				503AE0FC17EB989F00D1A890 /* main.m */,
				503AE0FD17EB989F00D1A890 /* Prefix.pch */,
				503AE0FE17EB989F00D1A890 /* RootViewController.h */,
				503AE0FF17EB989F00D1A890 /* RootViewController.mm */,
			);
			name = ios;
			path = Classes;
			sourceTree = "<group>";
		};
		15AA9C4015B7EC450033D6C2 /* Classes */ = {
			isa = PBXGroup;
			children = (
				EA62CF5A199C6B85002819D9 /* ExitPanel.cpp */,
				EA62CF5B199C6B85002819D9 /* ExitPanel.h */,
				EAFE9F41199B3D1700D1AE52 /* Button.cpp */,
				EAFE9F42199B3D1700D1AE52 /* Button.h */,
				EAFE9F43199B3D1700D1AE52 /* Chess.cpp */,
				EAFE9F44199B3D1700D1AE52 /* Chess.h */,
				EAFE9F45199B3D1700D1AE52 /* Chessboard.cpp */,
				EAFE9F46199B3D1700D1AE52 /* Chessboard.h */,
				EAFE9F47199B3D1700D1AE52 /* CTouchEngine.cpp */,
				EAFE9F48199B3D1700D1AE52 /* CTouchEngine.h */,
				EAFE9F49199B3D1700D1AE52 /* DefeatPanel.cpp */,
				EAFE9F4A199B3D1700D1AE52 /* DefeatPanel.h */,
				EAFE9F4B199B3D1700D1AE52 /* GamePanel.cpp */,
				EAFE9F4C199B3D1700D1AE52 /* GamePanel.h */,
				EAFE9F4D199B3D1700D1AE52 /* Header.cpp */,
				EAFE9F4E199B3D1700D1AE52 /* Header.h */,
				EAFE9F4F199B3D1700D1AE52 /* HelpPanel.cpp */,
				EAFE9F50199B3D1700D1AE52 /* HelpPanel.h */,
				EAFE9F51199B3D1700D1AE52 /* Interface */,
				EAFE9F53199B3D1700D1AE52 /* Panel.cpp */,
				EAFE9F54199B3D1700D1AE52 /* Panel.h */,
				EAFE9F57199B3D1700D1AE52 /* Smart09.cpp */,
				EAFE9F58199B3D1700D1AE52 /* Smart09.h */,
				EAFE9F59199B3D1700D1AE52 /* StartPanel.cpp */,
				EAFE9F5A199B3D1700D1AE52 /* StartPanel.h */,
				1AFAF8B316D35DE700DB1158 /* AppDelegate.cpp */,
				1AFAF8B416D35DE700DB1158 /* AppDelegate.h */,
			);
			name = Classes;
			path = ../classes;
			sourceTree = "<group>";
		};
		19C28FACFE9D520D11CA2CBB /* Products */ = {
			isa = PBXGroup;
			children = (
				1D6058910D05DD3D006BFB54 /* SmartStar.app */,
				5087E76F17EB910900C73F5D /* SmartStar Mac.app */,
			);
			name = Products;
			sourceTree = "<group>";
		};
		1AC6FAE6180E9839004C840B /* Products */ = {
			isa = PBXGroup;
			children = (
				1AC6FAF9180E9839004C840B /* libcocos2dx Mac.a */,
				1AC6FAFB180E9839004C840B /* libcocos2dx-extensions Mac.a */,
				1AC6FAFD180E9839004C840B /* libchipmunk Mac.a */,
				1AC6FAFF180E9839004C840B /* libbox2d Mac.a */,
				1AC6FB01180E9839004C840B /* libCocosDenshion Mac.a */,
				1AC6FB07180E9839004C840B /* libcocos2dx iOS.a */,
				1AC6FB09180E9839004C840B /* libcocos2dx-extensions iOS.a */,
				1AC6FB0B180E9839004C840B /* libchipmunk iOS.a */,
				1AC6FB0D180E9839004C840B /* libbox2d iOS.a */,
				1AC6FB0F180E9839004C840B /* libCocosDenshion iOS.a */,
			);
			name = Products;
			sourceTree = "<group>";
		};
		29B97314FDCFA39411CA2CEA /* CustomTemplate */ = {
			isa = PBXGroup;
			children = (
				EAFE9F67199B3D6300D1AE52 /* Public */,
				1AC6FAE5180E9839004C840B /* cocos2d_libs.xcodeproj */,
				15AA9C4015B7EC450033D6C2 /* Classes */,
				29B97323FDCFA39411CA2CEA /* Frameworks */,
				080E96DDFE201D6D7F000001 /* ios */,
				503AE10617EB990700D1A890 /* mac */,
				19C28FACFE9D520D11CA2CBB /* Products */,
				78C7DDAA14EBA5050085D0C2 /* Resources */,
			);
			name = CustomTemplate;
			sourceTree = "<group>";
		};
		29B97323FDCFA39411CA2CEA /* Frameworks */ = {
			isa = PBXGroup;
			children = (
				EAE2A8BA1A43CDB200B6F5B0 /* QuartzCore.framework */,
				EAE2A8B81A43CD9200B6F5B0 /* Foundation.framework */,
				EAE2A8B51A43CD0300B6F5B0 /* AVFoundation.framework */,
				D6B0611A1803AB670077942B /* CoreMotion.framework */,
				503AE11A17EB9C5A00D1A890 /* IOKit.framework */,
				503AE11117EB99EE00D1A890 /* libcurl.dylib */,
				5087E78A17EB975400C73F5D /* OpenGL.framework */,
				5087E78817EB974C00C73F5D /* AppKit.framework */,
				1ACB3243164770DE00914215 /* libcurl.a */,
				BF170DB412928DE900B8313A /* libz.dylib */,
				D44C620F132DFF4E0009C878 /* AudioToolbox.framework */,
				D44C620D132DFF430009C878 /* AVFoundation.framework */,
				288765A40DF7441C002DB57D /* CoreGraphics.framework */,
				1D30AB110D05D00D00671497 /* Foundation.framework */,
				D44C620B132DFF330009C878 /* OpenAL.framework */,
				BF170DB012928DE900B8313A /* OpenGLES.framework */,
				BF1C47EA1293683800B63C5D /* QuartzCore.framework */,
				1DF5F4DF0D08C38300B7A737 /* UIKit.framework */,
			);
			name = Frameworks;
			sourceTree = "<group>";
		};
		503AE0F517EB97AB00D1A890 /* Icons */ = {
			isa = PBXGroup;
			children = (
				503AE0F617EB97AB00D1A890 /* Icon.icns */,
				503AE0F717EB97AB00D1A890 /* Info.plist */,
			);
			name = Icons;
			path = mac;
			sourceTree = SOURCE_ROOT;
		};
		503AE10617EB990700D1A890 /* mac */ = {
			isa = PBXGroup;
			children = (
				503AE0F517EB97AB00D1A890 /* Icons */,
				503AE10317EB98FF00D1A890 /* main.cpp */,
				503AE10417EB98FF00D1A890 /* Prefix.pch */,
			);
			name = mac;
			sourceTree = "<group>";
		};
		5087E77117EB970100C73F5D /* Icons */ = {
			isa = PBXGroup;
			children = (
				5087E77217EB970100C73F5D /* Default-568h@2x.png */,
				5087E77317EB970100C73F5D /* Default.png */,
				5087E77417EB970100C73F5D /* Default@2x.png */,
				50EF62A017ECD613001EB2F8 /* Icon-29.png */,
				50EF62A117ECD613001EB2F8 /* Icon-50.png */,
				50EF629217ECD46A001EB2F8 /* Icon-40.png */,
				50EF629317ECD46A001EB2F8 /* Icon-58.png */,
				50EF629417ECD46A001EB2F8 /* Icon-80.png */,
				50EF629517ECD46A001EB2F8 /* Icon-100.png */,
				5087E77517EB970100C73F5D /* Icon-114.png */,
				5087E77617EB970100C73F5D /* Icon-120.png */,
				5087E77717EB970100C73F5D /* Icon-144.png */,
				5087E77817EB970100C73F5D /* Icon-152.png */,
				5087E77917EB970100C73F5D /* Icon-57.png */,
				5087E77A17EB970100C73F5D /* Icon-72.png */,
				5087E77B17EB970100C73F5D /* Icon-76.png */,
				5087E77C17EB970100C73F5D /* Info.plist */,
			);
			name = Icons;
			path = ios;
			sourceTree = SOURCE_ROOT;
		};
		78C7DDAA14EBA5050085D0C2 /* Resources */ = {
			isa = PBXGroup;
			children = (
				EA99B8411A4FCA2F00BA8C76 /* Images.xcassets */,
				EAB4C17F199CC38100974A29 /* sound_off.png */,
				EAB4C180199CC38100974A29 /* sound_on.png */,
				EAFE9FC1199B3DD400D1AE52 /* Abduction.ttf */,
				EAFE9FC2199B3DD400D1AE52 /* background_blue.png */,
				EAFE9FC3199B3DD400D1AE52 /* background_red.png */,
				EAFE9FC4199B3DD400D1AE52 /* background_yellow.png */,
				EAFE9FC5199B3DD400D1AE52 /* big_star_blue.png */,
				EAFE9FC6199B3DD400D1AE52 /* big_star_red.png */,
				EAFE9FC7199B3DD400D1AE52 /* big_star_yellow.png */,
				EAFE9FC8199B3DD400D1AE52 /* bonus.mp3 */,
				EAFE9FC9199B3DD400D1AE52 /* defeat.png */,
				EAFE9FCA199B3DD400D1AE52 /* Eliminate0.mp3 */,
				EAFE9FCB199B3DD400D1AE52 /* Eliminate1.mp3 */,
				EAFE9FCC199B3DD400D1AE52 /* Eliminate2.mp3 */,
				EAFE9FCD199B3DD400D1AE52 /* Eliminate3.mp3 */,
				EAFE9FCE199B3DD400D1AE52 /* Eliminate4.mp3 */,
				EAFE9FCF199B3DD400D1AE52 /* Eliminate5.mp3 */,
				EAFE9FD0199B3DD400D1AE52 /* Eliminate6.mp3 */,
				EAFE9FD1199B3DD400D1AE52 /* Eliminate7.mp3 */,
				EAFE9FD2199B3DD400D1AE52 /* game.mp3 */,
				EAFE9FD3199B3DD400D1AE52 /* help.png */,
				EAFE9FD4199B3DD400D1AE52 /* move.mp3 */,
				EAFE9FDC199B3DD400D1AE52 /* small_star_blue.png */,
				EAFE9FDD199B3DD400D1AE52 /* small_star_red.png */,
				EAFE9FDE199B3DD400D1AE52 /* small_star_yellow.png */,
				EAFE9FDF199B3DD400D1AE52 /* tablecloth_blue.png */,
				EAFE9FE0199B3DD400D1AE52 /* tablecloth_red.png */,
				EAFE9FE1199B3DD400D1AE52 /* tablecloth_yellow.png */,
				EAFE9FE2199B3DD400D1AE52 /* tiny_star_blue.png */,
				EAFE9FE3199B3DD400D1AE52 /* tiny_star_red.png */,
				EAFE9FE4199B3DD400D1AE52 /* tiny_star_yellow.png */,
				EAFE9FE5199B3DD400D1AE52 /* title.png */,
				EAFE9FE6199B3DD400D1AE52 /* world.mp3 */,
			);
			name = Resources;
			path = ../Resources;
			sourceTree = "<group>";
		};
		EAFE9F51199B3D1700D1AE52 /* Interface */ = {
			isa = PBXGroup;
			children = (
				EAFE9F52199B3D1700D1AE52 /* ITouchHandle.h */,
			);
			name = Interface;
			path = ../Classes/Interface;
			sourceTree = "<group>";
		};
		EAFE9F67199B3D6300D1AE52 /* Public */ = {
			isa = PBXGroup;
			children = (
				EAFE9F6B199B3D6300D1AE52 /* AndroidSys.h */,
				EAFE9F6C199B3D6300D1AE52 /* AndroidTools.h */,
				EAFE9F6D199B3D6300D1AE52 /* Archive.h */,
				EAFE9F70199B3D6300D1AE52 /* CHashMap.h */,
				EAFE9F71199B3D6300D1AE52 /* CLock.h */,
				EAFE9F72199B3D6300D1AE52 /* CLockUnit.h */,
				EAFE9F79199B3D6300D1AE52 /* IOSSys.h */,
				EAFE9F7A199B3D6300D1AE52 /* IOSTools.h */,
				EAFE9F8B199B3D6300D1AE52 /* LinuxSys.h */,
				EAFE9F8C199B3D6300D1AE52 /* LinuxTools.h */,
				EAFE9F8E199B3D6300D1AE52 /* MacSys.h */,
				EAFE9F8F199B3D6300D1AE52 /* MacTools.h */,
				EAFE9F90199B3D6300D1AE52 /* MultiSys.cpp */,
				EAFE9F91199B3D6300D1AE52 /* MultiSys.h */,
				EAFE9F92199B3D6300D1AE52 /* TAttribute.h */,
				EAFE9F93199B3D6300D1AE52 /* TCallBack.h */,
				EAFE9F94199B3D6300D1AE52 /* TFSM.h */,
				EAFE9F95199B3D6300D1AE52 /* tinyxml */,
				EAFE9F9E199B3D6300D1AE52 /* TLogger.h */,
				EAFE9F9F199B3D6300D1AE52 /* Tools.h */,
				EAFE9FA0199B3D6300D1AE52 /* TPool.h */,
				EAFE9FA1199B3D6300D1AE52 /* TQueue.h */,
				EAFE9FA2199B3D6300D1AE52 /* TStream.h */,
				EAFE9FA9199B3D6300D1AE52 /* WinSys.h */,
				EAFE9FAA199B3D6300D1AE52 /* WinTools.h */,
			);
			name = Public;
			path = ../Public;
			sourceTree = "<group>";
		};
		EAFE9F95199B3D6300D1AE52 /* tinyxml */ = {
			isa = PBXGroup;
			children = (
				EAFE9F98199B3D6300D1AE52 /* tinystr.cpp */,
				EAFE9F99199B3D6300D1AE52 /* tinystr.h */,
				EAFE9F9A199B3D6300D1AE52 /* tinyxml.cpp */,
				EAFE9F9B199B3D6300D1AE52 /* tinyxml.h */,
				EAFE9F9C199B3D6300D1AE52 /* tinyxmlerror.cpp */,
				EAFE9F9D199B3D6300D1AE52 /* tinyxmlparser.cpp */,
			);
			path = tinyxml;
			sourceTree = "<group>";
		};
/* End PBXGroup section */

/* Begin PBXNativeTarget section */
		1D6058900D05DD3D006BFB54 /* SmartStar iOS */ = {
			isa = PBXNativeTarget;
			buildConfigurationList = 1D6058960D05DD3E006BFB54 /* Build configuration list for PBXNativeTarget "SmartStar iOS" */;
			buildPhases = (
				1D60588D0D05DD3D006BFB54 /* Resources */,
				1D60588E0D05DD3D006BFB54 /* Sources */,
				1D60588F0D05DD3D006BFB54 /* Frameworks */,
			);
			buildRules = (
			);
			dependencies = (
				1AC6FB25180E99E1004C840B /* PBXTargetDependency */,
				1AC6FB27180E99E1004C840B /* PBXTargetDependency */,
				1AC6FB29180E99E1004C840B /* PBXTargetDependency */,
				1AC6FB2B180E99E1004C840B /* PBXTargetDependency */,
				1AC6FB2D180E99E1004C840B /* PBXTargetDependency */,
			);
			name = "SmartStar iOS";
			productName = iphone;
			productReference = 1D6058910D05DD3D006BFB54 /* SmartStar.app */;
			productType = "com.apple.product-type.application";
		};
		5087E73D17EB910900C73F5D /* SmartStar Mac */ = {
			isa = PBXNativeTarget;
			buildConfigurationList = 5087E76C17EB910900C73F5D /* Build configuration list for PBXNativeTarget "SmartStar Mac" */;
			buildPhases = (
				5087E74817EB910900C73F5D /* Resources */,
				5087E75617EB910900C73F5D /* Sources */,
				5087E75C17EB910900C73F5D /* Frameworks */,
			);
			buildRules = (
			);
			dependencies = (
				1AC6FB1E180E9963004C840B /* PBXTargetDependency */,
				1AC6FB16180E9959004C840B /* PBXTargetDependency */,
				1AC6FB18180E9959004C840B /* PBXTargetDependency */,
				1AC6FB1A180E9959004C840B /* PBXTargetDependency */,
				1AC6FB1C180E9959004C840B /* PBXTargetDependency */,
			);
			name = "SmartStar Mac";
			productName = iphone;
			productReference = 5087E76F17EB910900C73F5D /* SmartStar Mac.app */;
			productType = "com.apple.product-type.application";
		};
/* End PBXNativeTarget section */

/* Begin PBXProject section */
		29B97313FDCFA39411CA2CEA /* Project object */ = {
			isa = PBXProject;
			attributes = {
				LastUpgradeCheck = 0500;
				TargetAttributes = {
					1D6058900D05DD3D006BFB54 = {
						DevelopmentTeam = JDZ832JHG9;
					};
				};
			};
			buildConfigurationList = C01FCF4E08A954540054247B /* Build configuration list for PBXProject "SmartStar" */;
			compatibilityVersion = "Xcode 3.2";
			developmentRegion = English;
			hasScannedForEncodings = 1;
			knownRegions = (
				English,
				Japanese,
				French,
				German,
			);
			mainGroup = 29B97314FDCFA39411CA2CEA /* CustomTemplate */;
			projectDirPath = "";
			projectReferences = (
				{
					ProductGroup = 1AC6FAE6180E9839004C840B /* Products */;
					ProjectRef = 1AC6FAE5180E9839004C840B /* cocos2d_libs.xcodeproj */;
				},
			);
			projectRoot = "";
			targets = (
				1D6058900D05DD3D006BFB54 /* SmartStar iOS */,
				5087E73D17EB910900C73F5D /* SmartStar Mac */,
			);
		};
/* End PBXProject section */

/* Begin PBXReferenceProxy section */
		1AC6FAF9180E9839004C840B /* libcocos2dx Mac.a */ = {
			isa = PBXReferenceProxy;
			fileType = archive.ar;
			path = "libcocos2dx Mac.a";
			remoteRef = 1AC6FAF8180E9839004C840B /* PBXContainerItemProxy */;
			sourceTree = BUILT_PRODUCTS_DIR;
		};
		1AC6FAFB180E9839004C840B /* libcocos2dx-extensions Mac.a */ = {
			isa = PBXReferenceProxy;
			fileType = archive.ar;
			path = "libcocos2dx-extensions Mac.a";
			remoteRef = 1AC6FAFA180E9839004C840B /* PBXContainerItemProxy */;
			sourceTree = BUILT_PRODUCTS_DIR;
		};
		1AC6FAFD180E9839004C840B /* libchipmunk Mac.a */ = {
			isa = PBXReferenceProxy;
			fileType = archive.ar;
			path = "libchipmunk Mac.a";
			remoteRef = 1AC6FAFC180E9839004C840B /* PBXContainerItemProxy */;
			sourceTree = BUILT_PRODUCTS_DIR;
		};
		1AC6FAFF180E9839004C840B /* libbox2d Mac.a */ = {
			isa = PBXReferenceProxy;
			fileType = archive.ar;
			path = "libbox2d Mac.a";
			remoteRef = 1AC6FAFE180E9839004C840B /* PBXContainerItemProxy */;
			sourceTree = BUILT_PRODUCTS_DIR;
		};
		1AC6FB01180E9839004C840B /* libCocosDenshion Mac.a */ = {
			isa = PBXReferenceProxy;
			fileType = archive.ar;
			path = "libCocosDenshion Mac.a";
			remoteRef = 1AC6FB00180E9839004C840B /* PBXContainerItemProxy */;
			sourceTree = BUILT_PRODUCTS_DIR;
		};
		1AC6FB07180E9839004C840B /* libcocos2dx iOS.a */ = {
			isa = PBXReferenceProxy;
			fileType = archive.ar;
			path = "libcocos2dx iOS.a";
			remoteRef = 1AC6FB06180E9839004C840B /* PBXContainerItemProxy */;
			sourceTree = BUILT_PRODUCTS_DIR;
		};
		1AC6FB09180E9839004C840B /* libcocos2dx-extensions iOS.a */ = {
			isa = PBXReferenceProxy;
			fileType = archive.ar;
			path = "libcocos2dx-extensions iOS.a";
			remoteRef = 1AC6FB08180E9839004C840B /* PBXContainerItemProxy */;
			sourceTree = BUILT_PRODUCTS_DIR;
		};
		1AC6FB0B180E9839004C840B /* libchipmunk iOS.a */ = {
			isa = PBXReferenceProxy;
			fileType = archive.ar;
			path = "libchipmunk iOS.a";
			remoteRef = 1AC6FB0A180E9839004C840B /* PBXContainerItemProxy */;
			sourceTree = BUILT_PRODUCTS_DIR;
		};
		1AC6FB0D180E9839004C840B /* libbox2d iOS.a */ = {
			isa = PBXReferenceProxy;
			fileType = archive.ar;
			path = "libbox2d iOS.a";
			remoteRef = 1AC6FB0C180E9839004C840B /* PBXContainerItemProxy */;
			sourceTree = BUILT_PRODUCTS_DIR;
		};
		1AC6FB0F180E9839004C840B /* libCocosDenshion iOS.a */ = {
			isa = PBXReferenceProxy;
			fileType = archive.ar;
			path = "libCocosDenshion iOS.a";
			remoteRef = 1AC6FB0E180E9839004C840B /* PBXContainerItemProxy */;
			sourceTree = BUILT_PRODUCTS_DIR;
		};
/* End PBXReferenceProxy section */

/* Begin PBXResourcesBuildPhase section */
		1D60588D0D05DD3D006BFB54 /* Resources */ = {
			isa = PBXResourcesBuildPhase;
			buildActionMask = 2147483647;
			files = (
				5087E78117EB970100C73F5D /* Icon-120.png in Resources */,
				EA99B8421A4FCA2F00BA8C76 /* Images.xcassets in Resources */,
				EAFE9FF3199B3DD400D1AE52 /* Eliminate3.mp3 in Resources */,
				5087E78617EB970100C73F5D /* Icon-76.png in Resources */,
				EAFE9FEB199B3DD400D1AE52 /* big_star_blue.png in Resources */,
				5087E77F17EB970100C73F5D /* Default@2x.png in Resources */,
				EAFE9FE9199B3DD400D1AE52 /* background_red.png in Resources */,
				EAB4C181199CC38100974A29 /* sound_off.png in Resources */,
				EAFE9FE8199B3DD400D1AE52 /* background_blue.png in Resources */,
				EAFEA00B199B3DD400D1AE52 /* title.png in Resources */,
				EAFE9FEA199B3DD400D1AE52 /* background_yellow.png in Resources */,
				50EF629917ECD46A001EB2F8 /* Icon-100.png in Resources */,
				5087E78317EB970100C73F5D /* Icon-152.png in Resources */,
				EAFE9FF1199B3DD400D1AE52 /* Eliminate1.mp3 in Resources */,
				EAFE9FF2199B3DD400D1AE52 /* Eliminate2.mp3 in Resources */,
				EAFEA008199B3DD400D1AE52 /* tiny_star_blue.png in Resources */,
				5087E77D17EB970100C73F5D /* Default-568h@2x.png in Resources */,
				EAB4C182199CC38100974A29 /* sound_on.png in Resources */,
				EAFE9FEF199B3DD400D1AE52 /* defeat.png in Resources */,
				EAFEA005199B3DD400D1AE52 /* tablecloth_blue.png in Resources */,
				EAFE9FF4199B3DD400D1AE52 /* Eliminate4.mp3 in Resources */,
				EAFE9FF8199B3DD400D1AE52 /* game.mp3 in Resources */,
				5087E78517EB970100C73F5D /* Icon-72.png in Resources */,
				50EF62A317ECD613001EB2F8 /* Icon-50.png in Resources */,
				EAFE9FEE199B3DD400D1AE52 /* bonus.mp3 in Resources */,
				EAFEA003199B3DD400D1AE52 /* small_star_red.png in Resources */,
				EAFEA007199B3DD400D1AE52 /* tablecloth_yellow.png in Resources */,
				EAFEA00C199B3DD400D1AE52 /* world.mp3 in Resources */,
				EAFE9FF9199B3DD400D1AE52 /* help.png in Resources */,
				5087E78017EB970100C73F5D /* Icon-114.png in Resources */,
				EAFEA00A199B3DD400D1AE52 /* tiny_star_yellow.png in Resources */,
				EAFEA004199B3DD400D1AE52 /* small_star_yellow.png in Resources */,
				50EF62A217ECD613001EB2F8 /* Icon-29.png in Resources */,
				EAFEA009199B3DD400D1AE52 /* tiny_star_red.png in Resources */,
				50EF629617ECD46A001EB2F8 /* Icon-40.png in Resources */,
				5087E78217EB970100C73F5D /* Icon-144.png in Resources */,
				EAFEA002199B3DD400D1AE52 /* small_star_blue.png in Resources */,
				50EF629817ECD46A001EB2F8 /* Icon-80.png in Resources */,
				5087E78417EB970100C73F5D /* Icon-57.png in Resources */,
				EAFE9FF6199B3DD400D1AE52 /* Eliminate6.mp3 in Resources */,
				EAFE9FF5199B3DD400D1AE52 /* Eliminate5.mp3 in Resources */,
				EAFE9FF7199B3DD400D1AE52 /* Eliminate7.mp3 in Resources */,
				5087E77E17EB970100C73F5D /* Default.png in Resources */,
				EAFE9FED199B3DD400D1AE52 /* big_star_yellow.png in Resources */,
				EAFE9FEC199B3DD400D1AE52 /* big_star_red.png in Resources */,
				EAFE9FFA199B3DD400D1AE52 /* move.mp3 in Resources */,
				EAFEA006199B3DD400D1AE52 /* tablecloth_red.png in Resources */,
				EAFE9FE7199B3DD400D1AE52 /* Abduction.ttf in Resources */,
				EAFE9FF0199B3DD400D1AE52 /* Eliminate0.mp3 in Resources */,
				50EF629717ECD46A001EB2F8 /* Icon-58.png in Resources */,
			);
			runOnlyForDeploymentPostprocessing = 0;
		};
		5087E74817EB910900C73F5D /* Resources */ = {
			isa = PBXResourcesBuildPhase;
			buildActionMask = 2147483647;
			files = (
				503AE0F817EB97AB00D1A890 /* Icon.icns in Resources */,
			);
			runOnlyForDeploymentPostprocessing = 0;
		};
/* End PBXResourcesBuildPhase section */

/* Begin PBXSourcesBuildPhase section */
		1D60588E0D05DD3D006BFB54 /* Sources */ = {
			isa = PBXSourcesBuildPhase;
			buildActionMask = 2147483647;
			files = (
				EAFE9F5D199B3D1700D1AE52 /* Chessboard.cpp in Sources */,
				EAFE9F5B199B3D1700D1AE52 /* Button.cpp in Sources */,
				EAFE9F5F199B3D1700D1AE52 /* DefeatPanel.cpp in Sources */,
				503AE10017EB989F00D1A890 /* AppController.mm in Sources */,
				EAFE9F60199B3D1700D1AE52 /* GamePanel.cpp in Sources */,
				EAFE9FB7199B3D6300D1AE52 /* MultiSys.cpp in Sources */,
				503AE10217EB989F00D1A890 /* RootViewController.mm in Sources */,
				1AFAF8B716D35DE700DB1158 /* AppDelegate.cpp in Sources */,
				EAFE9FBD199B3D6300D1AE52 /* tinyxmlparser.cpp in Sources */,
				EAFE9F5E199B3D1700D1AE52 /* CTouchEngine.cpp in Sources */,
				EAFE9F63199B3D1700D1AE52 /* Panel.cpp in Sources */,
				EAFE9FBC199B3D6300D1AE52 /* tinyxmlerror.cpp in Sources */,
				EAFE9F5C199B3D1700D1AE52 /* Chess.cpp in Sources */,
				EAFE9FBB199B3D6300D1AE52 /* tinyxml.cpp in Sources */,
				503AE10117EB989F00D1A890 /* main.m in Sources */,
				EAFE9F61199B3D1700D1AE52 /* Header.cpp in Sources */,
				EAFE9F66199B3D1700D1AE52 /* StartPanel.cpp in Sources */,
				EAFE9F65199B3D1700D1AE52 /* Smart09.cpp in Sources */,
				EAFE9FBA199B3D6300D1AE52 /* tinystr.cpp in Sources */,
				EAFE9F62199B3D1700D1AE52 /* HelpPanel.cpp in Sources */,
				EA62CF5C199C6B85002819D9 /* ExitPanel.cpp in Sources */,
			);
			runOnlyForDeploymentPostprocessing = 0;
		};
		5087E75617EB910900C73F5D /* Sources */ = {
			isa = PBXSourcesBuildPhase;
			buildActionMask = 2147483647;
			files = (
				5087E75717EB910900C73F5D /* AppDelegate.cpp in Sources */,
				503AE10517EB98FF00D1A890 /* main.cpp in Sources */,
			);
			runOnlyForDeploymentPostprocessing = 0;
		};
/* End PBXSourcesBuildPhase section */

/* Begin PBXTargetDependency section */
		1AC6FB16180E9959004C840B /* PBXTargetDependency */ = {
			isa = PBXTargetDependency;
			name = "cocos2dx Mac";
			targetProxy = 1AC6FB15180E9959004C840B /* PBXContainerItemProxy */;
		};
		1AC6FB18180E9959004C840B /* PBXTargetDependency */ = {
			isa = PBXTargetDependency;
			name = "cocos2dx-extensions Mac";
			targetProxy = 1AC6FB17180E9959004C840B /* PBXContainerItemProxy */;
		};
		1AC6FB1A180E9959004C840B /* PBXTargetDependency */ = {
			isa = PBXTargetDependency;
			name = "chipmunk Mac";
			targetProxy = 1AC6FB19180E9959004C840B /* PBXContainerItemProxy */;
		};
		1AC6FB1C180E9959004C840B /* PBXTargetDependency */ = {
			isa = PBXTargetDependency;
			name = "CocosDenshion Mac";
			targetProxy = 1AC6FB1B180E9959004C840B /* PBXContainerItemProxy */;
		};
		1AC6FB1E180E9963004C840B /* PBXTargetDependency */ = {
			isa = PBXTargetDependency;
			name = "box2d Mac";
			targetProxy = 1AC6FB1D180E9963004C840B /* PBXContainerItemProxy */;
		};
		1AC6FB25180E99E1004C840B /* PBXTargetDependency */ = {
			isa = PBXTargetDependency;
			name = "cocos2dx iOS";
			targetProxy = 1AC6FB24180E99E1004C840B /* PBXContainerItemProxy */;
		};
		1AC6FB27180E99E1004C840B /* PBXTargetDependency */ = {
			isa = PBXTargetDependency;
			name = "cocos2dx-extensions iOS";
			targetProxy = 1AC6FB26180E99E1004C840B /* PBXContainerItemProxy */;
		};
		1AC6FB29180E99E1004C840B /* PBXTargetDependency */ = {
			isa = PBXTargetDependency;
			name = "chipmunk iOS";
			targetProxy = 1AC6FB28180E99E1004C840B /* PBXContainerItemProxy */;
		};
		1AC6FB2B180E99E1004C840B /* PBXTargetDependency */ = {
			isa = PBXTargetDependency;
			name = "box2d iOS";
			targetProxy = 1AC6FB2A180E99E1004C840B /* PBXContainerItemProxy */;
		};
		1AC6FB2D180E99E1004C840B /* PBXTargetDependency */ = {
			isa = PBXTargetDependency;
			name = "CocosDenshion iOS";
			targetProxy = 1AC6FB2C180E99E1004C840B /* PBXContainerItemProxy */;
		};
/* End PBXTargetDependency section */

/* Begin XCBuildConfiguration section */
		1D6058940D05DD3E006BFB54 /* Debug */ = {
			isa = XCBuildConfiguration;
			buildSettings = {
				ALWAYS_SEARCH_USER_PATHS = YES;
				ASSETCATALOG_COMPILER_APPICON_NAME = AppIcon;
				ASSETCATALOG_COMPILER_LAUNCHIMAGE_NAME = LaunchImage;
				CODE_SIGN_IDENTITY = "iPhone Developer";
				"CODE_SIGN_IDENTITY[sdk=iphoneos*]" = "iPhone Developer";
				COMPRESS_PNG_FILES = NO;
				ENABLE_BITCODE = NO;
				GCC_DYNAMIC_NO_PIC = NO;
				GCC_INLINES_ARE_PRIVATE_EXTERN = NO;
				GCC_PRECOMPILE_PREFIX_HEADER = YES;
				GCC_PREFIX_HEADER = ios/Prefix.pch;
				GCC_PREPROCESSOR_DEFINITIONS = (
					USE_FILE32API,
					CC_TARGET_OS_IPHONE,
					"COCOS2D_DEBUG=1",
					"CC_ENABLE_CHIPMUNK_INTEGRATION=1",
				);
				GCC_SYMBOLS_PRIVATE_EXTERN = NO;
				HEADER_SEARCH_PATHS = (
					"$(inherited)",
					"$(SRCROOT)/../cocos2d/cocos/platform/ios",
					"$(SRCROOT)/../cocos2d/cocos/platform/ios/Simulation",
					"$(SRCROOT)/../Classes/Interface",
					"$(SRCROOT)/../Public",
					"$(SRCROOT)/../Classes",
				);
				INFOPLIST_FILE = ios/Info.plist;
				IPHONEOS_DEPLOYMENT_TARGET = 6.0;
				LIBRARY_SEARCH_PATHS = "";
				PRODUCT_NAME = SmartStar;
				PROVISIONING_PROFILE = "";
				SDKROOT = iphoneos;
				TARGETED_DEVICE_FAMILY = "1,2";
				USER_HEADER_SEARCH_PATHS = "";
			};
			name = Debug;
		};
		1D6058950D05DD3E006BFB54 /* Release */ = {
			isa = XCBuildConfiguration;
			buildSettings = {
				ALWAYS_SEARCH_USER_PATHS = YES;
				ASSETCATALOG_COMPILER_APPICON_NAME = AppIcon;
				ASSETCATALOG_COMPILER_LAUNCHIMAGE_NAME = LaunchImage;
				CODE_SIGN_IDENTITY = "iPhone Developer";
				"CODE_SIGN_IDENTITY[sdk=iphoneos*]" = "iPhone Developer";
				COMPRESS_PNG_FILES = NO;
				ENABLE_BITCODE = NO;
				GCC_INLINES_ARE_PRIVATE_EXTERN = NO;
				GCC_PRECOMPILE_PREFIX_HEADER = YES;
				GCC_PREFIX_HEADER = ios/Prefix.pch;
				GCC_PREPROCESSOR_DEFINITIONS = (
					USE_FILE32API,
					CC_TARGET_OS_IPHONE,
					"CC_ENABLE_CHIPMUNK_INTEGRATION=1",
				);
				GCC_SYMBOLS_PRIVATE_EXTERN = NO;
				HEADER_SEARCH_PATHS = (
					"$(inherited)",
					"$(SRCROOT)/../cocos2d/cocos/platform/ios",
					"$(SRCROOT)/../cocos2d/cocos/platform/ios/Simulation",
					"$(SRCROOT)/../Classes/Interface",
					"$(SRCROOT)/../Public",
					"$(SRCROOT)/../Classes",
				);
				INFOPLIST_FILE = ios/Info.plist;
				IPHONEOS_DEPLOYMENT_TARGET = 6.0;
				LIBRARY_SEARCH_PATHS = "";
				PRODUCT_NAME = SmartStar;
				PROVISIONING_PROFILE = "";
				SDKROOT = iphoneos;
				TARGETED_DEVICE_FAMILY = "1,2";
				USER_HEADER_SEARCH_PATHS = "";
			};
			name = Release;
		};
		5087E76D17EB910900C73F5D /* Debug */ = {
			isa = XCBuildConfiguration;
			buildSettings = {
				ALWAYS_SEARCH_USER_PATHS = YES;
				ARCHS = "$(ARCHS_STANDARD_64_BIT)";
				CLANG_CXX_LANGUAGE_STANDARD = "c++0x";
				CLANG_CXX_LIBRARY = "libc++";
				GCC_DYNAMIC_NO_PIC = NO;
				GCC_INLINES_ARE_PRIVATE_EXTERN = NO;
				GCC_PRECOMPILE_PREFIX_HEADER = YES;
				GCC_PREFIX_HEADER = mac/Prefix.pch;
				GCC_PREPROCESSOR_DEFINITIONS = (
					USE_FILE32API,
					CC_TARGET_OS_MAC,
					"COCOS2D_DEBUG=1",
					"CC_ENABLE_CHIPMUNK_INTEGRATION=1",
				);
				GCC_SYMBOLS_PRIVATE_EXTERN = NO;
				HEADER_SEARCH_PATHS = (
					"$(inherited)",
					"$(SRCROOT)/../cocos2d/cocos/platform/mac",
					"$(SRCROOT)/../cocos2d/external/glfw3/include/mac",
				);
				INFOPLIST_FILE = mac/Info.plist;
				LIBRARY_SEARCH_PATHS = "";
				USER_HEADER_SEARCH_PATHS = "";
			};
			name = Debug;
		};
		5087E76E17EB910900C73F5D /* Release */ = {
			isa = XCBuildConfiguration;
			buildSettings = {
				ALWAYS_SEARCH_USER_PATHS = YES;
				ARCHS = "$(ARCHS_STANDARD_64_BIT)";
				CLANG_CXX_LANGUAGE_STANDARD = "c++0x";
				CLANG_CXX_LIBRARY = "libc++";
				GCC_INLINES_ARE_PRIVATE_EXTERN = NO;
				GCC_PRECOMPILE_PREFIX_HEADER = YES;
				GCC_PREFIX_HEADER = mac/Prefix.pch;
				GCC_PREPROCESSOR_DEFINITIONS = (
					USE_FILE32API,
					CC_TARGET_OS_MAC,
					"CC_ENABLE_CHIPMUNK_INTEGRATION=1",
				);
				GCC_SYMBOLS_PRIVATE_EXTERN = NO;
				HEADER_SEARCH_PATHS = (
					"$(inherited)",
					"$(SRCROOT)/../cocos2d/cocos/platform/mac",
					"$(SRCROOT)/../cocos2d/external/glfw3/include/mac",
				);
				INFOPLIST_FILE = mac/Info.plist;
				LIBRARY_SEARCH_PATHS = "";
				USER_HEADER_SEARCH_PATHS = "";
			};
			name = Release;
		};
		C01FCF4F08A954540054247B /* Debug */ = {
			isa = XCBuildConfiguration;
			buildSettings = {
				CLANG_CXX_LANGUAGE_STANDARD = "c++0x";
				CLANG_CXX_LIBRARY = "libc++";
				COPY_PHASE_STRIP = NO;
				GCC_OPTIMIZATION_LEVEL = 0;
				GCC_WARN_ABOUT_RETURN_TYPE = YES;
				GCC_WARN_UNUSED_VARIABLE = YES;
				HEADER_SEARCH_PATHS = (
					"$(SRCROOT)/../cocos2d",
					"$(SRCROOT)/../cocos2d/cocos",
					"$(SRCROOT)/../cocos2d/cocos/base",
					"$(SRCROOT)/../cocos2d/cocos/physics",
					"$(SRCROOT)/../cocos2d/cocos/math",
					"$(SRCROOT)/../cocos2d/cocos/2d",
					"$(SRCROOT)/../cocos2d/cocos/ui",
					"$(SRCROOT)/../cocos2d/cocos/network",
					"$(SRCROOT)/../cocos2d/cocos/audio/include",
					"$(SRCROOT)/../cocos2d/cocos/editor-support",
					"$(SRCROOT)/../cocos2d/extensions",
					"$(SRCROOT)/../cocos2d/external",
					"$(SRCROOT)/../cocos2d/external/chipmunk/include/chipmunk",
				);
				MACOSX_DEPLOYMENT_TARGET = 10.7;
				ONLY_ACTIVE_ARCH = YES;
				PRODUCT_NAME = "$(TARGET_NAME)";
				SDKROOT = macosx;
			};
			name = Debug;
		};
		C01FCF5008A954540054247B /* Release */ = {
			isa = XCBuildConfiguration;
			buildSettings = {
				CLANG_CXX_LANGUAGE_STANDARD = "c++0x";
				CLANG_CXX_LIBRARY = "libc++";
				GCC_WARN_ABOUT_RETURN_TYPE = YES;
				GCC_WARN_UNUSED_VARIABLE = YES;
				HEADER_SEARCH_PATHS = (
					"$(SRCROOT)/../cocos2d",
					"$(SRCROOT)/../cocos2d/cocos",
					"$(SRCROOT)/../cocos2d/cocos/base",
					"$(SRCROOT)/../cocos2d/cocos/physics",
					"$(SRCROOT)/../cocos2d/cocos/math",
					"$(SRCROOT)/../cocos2d/cocos/2d",
					"$(SRCROOT)/../cocos2d/cocos/ui",
					"$(SRCROOT)/../cocos2d/cocos/network",
					"$(SRCROOT)/../cocos2d/cocos/audio/include",
					"$(SRCROOT)/../cocos2d/cocos/editor-support",
					"$(SRCROOT)/../cocos2d/extensions",
					"$(SRCROOT)/../cocos2d/external",
					"$(SRCROOT)/../cocos2d/external/chipmunk/include/chipmunk",
				);
				MACOSX_DEPLOYMENT_TARGET = 10.7;
				OTHER_CFLAGS = "-DNS_BLOCK_ASSERTIONS=1";
				PRODUCT_NAME = "$(TARGET_NAME)";
				SDKROOT = macosx;
				VALIDATE_PRODUCT = YES;
			};
			name = Release;
		};
/* End XCBuildConfiguration section */

/* Begin XCConfigurationList section */
		1D6058960D05DD3E006BFB54 /* Build configuration list for PBXNativeTarget "SmartStar iOS" */ = {
			isa = XCConfigurationList;
			buildConfigurations = (
				1D6058940D05DD3E006BFB54 /* Debug */,
				1D6058950D05DD3E006BFB54 /* Release */,
			);
			defaultConfigurationIsVisible = 0;
			defaultConfigurationName = Debug;
		};
		5087E76C17EB910900C73F5D /* Build configuration list for PBXNativeTarget "SmartStar Mac" */ = {
			isa = XCConfigurationList;
			buildConfigurations = (
				5087E76D17EB910900C73F5D /* Debug */,
				5087E76E17EB910900C73F5D /* Release */,
			);
			defaultConfigurationIsVisible = 0;
			defaultConfigurationName = Debug;
		};
		C01FCF4E08A954540054247B /* Build configuration list for PBXProject "SmartStar" */ = {
			isa = XCConfigurationList;
			buildConfigurations = (
				C01FCF4F08A954540054247B /* Debug */,
				C01FCF5008A954540054247B /* Release */,
			);
			defaultConfigurationIsVisible = 0;
			defaultConfigurationName = Debug;
		};
/* End XCConfigurationList section */
	};
	rootObject = 29B97313FDCFA39411CA2CEA /* Project object */;
}
